
Microsoft Visual Studio Solution File, Format Version 9.00
# Visual Studio 2005
Project("{FAE04EC0-301F-11D3-BF4B-00C04F79EFBC}") = "testbyexamples1", "testbyexamples1\testbyexamples1.csproj", "{67780198-8D79-46C5-8C76-8C1EF3779391}"
EndProject
Global
	GlobalSection(SolutionConfigurationPlatforms) = preSolution
		Debug|Any CPU = Debug|Any CPU
		Release|Any CPU = Release|Any CPU
	EndGlobalSection
	GlobalSection(ProjectConfigurationPlatforms) = postSolution
		{67780198-8D79-46C5-8C76-8C1EF3779391}.Debug|Any CPU.ActiveCfg = Debug|Any CPU
		{67780198-8D79-46C5-8C76-8C1EF3779391}.Debug|Any CPU.Build.0 = Debug|Any CPU
		{67780198-8D79-46C5-8C76-8C1EF3779391}.Release|Any CPU.ActiveCfg = Release|Any CPU
		{67780198-8D79-46C5-8C76-8C1EF3779391}.Release|Any CPU.Build.0 = Release|Any CPU
	EndGlobalSection
	GlobalSection(SolutionProperties) = preSolution
		HideSolutionNode = FALSE
	EndGlobalSection
EndGlobal
