
Microsoft Visual Studio Solution File, Format Version 9.00
# Visual Studio 2005
Project("{E24C65DC-7377-472B-9ABA-BC803B73C61A}") = "I:\...\CCTest\", ".", "{CE08197D-D9C9-4E8F-B3BE-2EAD17110A74}"
	ProjectSection(WebsiteProperties) = preProject
		Debug.AspNetCompiler.VirtualPath = "/CCTest"
		Debug.AspNetCompiler.PhysicalPath = "..\CCTest\"
		Debug.AspNetCompiler.TargetPath = "PrecompiledWeb\CCTest\"
		Debug.AspNetCompiler.Updateable = "true"
		Debug.AspNetCompiler.ForceOverwrite = "true"
		Debug.AspNetCompiler.FixedNames = "false"
		Debug.AspNetCompiler.Debug = "True"
		Release.AspNetCompiler.VirtualPath = "/CCTest"
		Release.AspNetCompiler.PhysicalPath = "..\CCTest\"
		Release.AspNetCompiler.TargetPath = "PrecompiledWeb\CCTest\"
		Release.AspNetCompiler.Updateable = "true"
		Release.AspNetCompiler.ForceOverwrite = "true"
		Release.AspNetCompiler.FixedNames = "false"
		Release.AspNetCompiler.Debug = "False"
		VWDPort = "1051"
	EndProjectSection
EndProject
Global
	GlobalSection(SolutionConfigurationPlatforms) = preSolution
		Debug|.NET = Debug|.NET
	EndGlobalSection
	GlobalSection(ProjectConfigurationPlatforms) = postSolution
		{CE08197D-D9C9-4E8F-B3BE-2EAD17110A74}.Debug|.NET.ActiveCfg = Debug|.NET
		{CE08197D-D9C9-4E8F-B3BE-2EAD17110A74}.Debug|.NET.Build.0 = Debug|.NET
	EndGlobalSection
	GlobalSection(SolutionProperties) = preSolution
		HideSolutionNode = FALSE
	EndGlobalSection
EndGlobal
