
Microsoft Visual Studio Solution File, Format Version 9.00
# Visual C# Express 2005
Project("{FAE04EC0-301F-11D3-BF4B-00C04F79EFBC}") = "Dental Payment", "Dental Payment\Dental Payment.csproj", "{6098E8BF-0EE3-45DB-8316-F8E94DC48E1F}"
EndProject
Global
	GlobalSection(SolutionConfigurationPlatforms) = preSolution
		Debug|Any CPU = Debug|Any CPU
		Release|Any CPU = Release|Any CPU
	EndGlobalSection
	GlobalSection(ProjectConfigurationPlatforms) = postSolution
		{6098E8BF-0EE3-45DB-8316-F8E94DC48E1F}.Debug|Any CPU.ActiveCfg = Debug|Any CPU
		{6098E8BF-0EE3-45DB-8316-F8E94DC48E1F}.Debug|Any CPU.Build.0 = Debug|Any CPU
		{6098E8BF-0EE3-45DB-8316-F8E94DC48E1F}.Release|Any CPU.ActiveCfg = Release|Any CPU
		{6098E8BF-0EE3-45DB-8316-F8E94DC48E1F}.Release|Any CPU.Build.0 = Release|Any CPU
	EndGlobalSection
	GlobalSection(SolutionProperties) = preSolution
		HideSolutionNode = FALSE
	EndGlobalSection
EndGlobal
