
Microsoft Visual Studio Solution File, Format Version 9.00
# Visual Studio 2005
Project("{FAE04EC0-301F-11D3-BF4B-00C04F79EFBC}") = "Download_File", "Download_File\Download_File.csproj", "{5E1BDE38-D637-4D46-AA59-8B0DF72905BD}"
EndProject
Global
	GlobalSection(SolutionConfigurationPlatforms) = preSolution
		Debug|Any CPU = Debug|Any CPU
		Release|Any CPU = Release|Any CPU
	EndGlobalSection
	GlobalSection(ProjectConfigurationPlatforms) = postSolution
		{5E1BDE38-D637-4D46-AA59-8B0DF72905BD}.Debug|Any CPU.ActiveCfg = Debug|Any CPU
		{5E1BDE38-D637-4D46-AA59-8B0DF72905BD}.Debug|Any CPU.Build.0 = Debug|Any CPU
		{5E1BDE38-D637-4D46-AA59-8B0DF72905BD}.Release|Any CPU.ActiveCfg = Release|Any CPU
		{5E1BDE38-D637-4D46-AA59-8B0DF72905BD}.Release|Any CPU.Build.0 = Release|Any CPU
	EndGlobalSection
	GlobalSection(SolutionProperties) = preSolution
		HideSolutionNode = FALSE
	EndGlobalSection
EndGlobal
