Microsoft Visual Studio Solution File, Format Version 7.00
Project("{F184B08F-C81C-45F6-A57F-5ABD9991F28F}") = "MyButton", "MyButton.vbproj", "{07C0C9B0-51B4-4085-B05F-B903E72C3EB4}"
EndProject
Global
	GlobalSection(SolutionConfiguration) = preSolution
		ConfigName.0 = Debug
		ConfigName.1 = Release
	EndGlobalSection
	GlobalSection(ProjectDependencies) = postSolution
	EndGlobalSection
	GlobalSection(ProjectConfiguration) = postSolution
		{07C0C9B0-51B4-4085-B05F-B903E72C3EB4}.Debug.ActiveCfg = Debug|.NET
		{07C0C9B0-51B4-4085-B05F-B903E72C3EB4}.Debug.Build.0 = Debug|.NET
		{07C0C9B0-51B4-4085-B05F-B903E72C3EB4}.Release.ActiveCfg = Release|.NET
		{07C0C9B0-51B4-4085-B05F-B903E72C3EB4}.Release.Build.0 = Release|.NET
	EndGlobalSection
	GlobalSection(ExtensibilityGlobals) = postSolution
	EndGlobalSection
	GlobalSection(ExtensibilityAddIns) = postSolution
	EndGlobalSection
EndGlobal
