
Microsoft Visual Studio Solution File, Format Version 9.00
# Visual C# Express 2005
Project("{FAE04EC0-301F-11D3-BF4B-00C04F79EFBC}") = "WindowsApplication2", "WindowsApplication2\WindowsApplication2.csproj", "{98F0F8A6-918F-438C-A15B-AEA091A0B5D1}"
EndProject
Global
	GlobalSection(SolutionConfigurationPlatforms) = preSolution
		Debug|Any CPU = Debug|Any CPU
		Release|Any CPU = Release|Any CPU
	EndGlobalSection
	GlobalSection(ProjectConfigurationPlatforms) = postSolution
		{98F0F8A6-918F-438C-A15B-AEA091A0B5D1}.Debug|Any CPU.ActiveCfg = Debug|Any CPU
		{98F0F8A6-918F-438C-A15B-AEA091A0B5D1}.Debug|Any CPU.Build.0 = Debug|Any CPU
		{98F0F8A6-918F-438C-A15B-AEA091A0B5D1}.Release|Any CPU.ActiveCfg = Release|Any CPU
		{98F0F8A6-918F-438C-A15B-AEA091A0B5D1}.Release|Any CPU.Build.0 = Release|Any CPU
	EndGlobalSection
	GlobalSection(SolutionProperties) = preSolution
		HideSolutionNode = FALSE
	EndGlobalSection
EndGlobal
