
Microsoft Visual Studio Solution File, Format Version 9.00
# Visual Studio 2005
Project("{FAE04EC0-301F-11D3-BF4B-00C04F79EFBC}") = "Database Adminstration", "Database Adminstration.csproj", "{8507A97B-5C56-4283-9ECF-39DDA5E1AD0C}"
EndProject
Global
	GlobalSection(SolutionConfigurationPlatforms) = preSolution
		Debug|Any CPU = Debug|Any CPU
		Release|Any CPU = Release|Any CPU
	EndGlobalSection
	GlobalSection(ProjectConfigurationPlatforms) = postSolution
		{8507A97B-5C56-4283-9ECF-39DDA5E1AD0C}.Debug|Any CPU.ActiveCfg = Debug|Any CPU
		{8507A97B-5C56-4283-9ECF-39DDA5E1AD0C}.Debug|Any CPU.Build.0 = Debug|Any CPU
		{8507A97B-5C56-4283-9ECF-39DDA5E1AD0C}.Release|Any CPU.ActiveCfg = Release|Any CPU
		{8507A97B-5C56-4283-9ECF-39DDA5E1AD0C}.Release|Any CPU.Build.0 = Release|Any CPU
	EndGlobalSection
	GlobalSection(SolutionProperties) = preSolution
		HideSolutionNode = FALSE
	EndGlobalSection
EndGlobal
