Microsoft Visual Studio Solution File, Format Version 8.00
Project("{FAE04EC0-301F-11D3-BF4B-00C04F79EFBC}") = "TextWithVoice", "TextWithVoice.csproj", "{E69D14DD-9EED-4566-B5F5-7A0D2779F951}"
	ProjectSection(ProjectDependencies) = postProject
	EndProjectSection
EndProject
Global
	GlobalSection(SolutionConfiguration) = preSolution
		Debug = Debug
		Release = Release
	EndGlobalSection
	GlobalSection(ProjectConfiguration) = postSolution
		{E69D14DD-9EED-4566-B5F5-7A0D2779F951}.Debug.ActiveCfg = Debug|.NET
		{E69D14DD-9EED-4566-B5F5-7A0D2779F951}.Debug.Build.0 = Debug|.NET
		{E69D14DD-9EED-4566-B5F5-7A0D2779F951}.Release.ActiveCfg = Release|.NET
		{E69D14DD-9EED-4566-B5F5-7A0D2779F951}.Release.Build.0 = Release|.NET
	EndGlobalSection
	GlobalSection(ExtensibilityGlobals) = postSolution
	EndGlobalSection
	GlobalSection(ExtensibilityAddIns) = postSolution
	EndGlobalSection
EndGlobal
