
Microsoft Visual Studio Solution File, Format Version 9.00
# Visual Studio 2005
Project("{E24C65DC-7377-472B-9ABA-BC803B73C61A}") = "E:\...\Admin_Website\", "..\..\Fourth_Year\E-Commerce\last eC\last Ec\Admin_Website\", "{89B5DBA5-351C-4BA7-A88B-9E38850F5764}"
	ProjectSection(WebsiteProperties) = preProject
		Debug.AspNetCompiler.VirtualPath = "/Admin_Website"
		Debug.AspNetCompiler.PhysicalPath = "..\..\Fourth_Year\E-Commerce\last eC\last Ec\Admin_Website\"
		Debug.AspNetCompiler.TargetPath = "PrecompiledWeb\Admin_Website\"
		Debug.AspNetCompiler.Updateable = "true"
		Debug.AspNetCompiler.ForceOverwrite = "true"
		Debug.AspNetCompiler.FixedNames = "false"
		Debug.AspNetCompiler.Debug = "True"
		Release.AspNetCompiler.VirtualPath = "/Admin_Website"
		Release.AspNetCompiler.PhysicalPath = "..\..\Fourth_Year\E-Commerce\last eC\last Ec\Admin_Website\"
		Release.AspNetCompiler.TargetPath = "PrecompiledWeb\Admin_Website\"
		Release.AspNetCompiler.Updateable = "true"
		Release.AspNetCompiler.ForceOverwrite = "true"
		Release.AspNetCompiler.FixedNames = "false"
		Release.AspNetCompiler.Debug = "False"
		VWDPort = "1918"
		DefaultWebSiteLanguage = "Visual C#"
	EndProjectSection
EndProject
Global
	GlobalSection(SolutionConfigurationPlatforms) = preSolution
		Debug|.NET = Debug|.NET
	EndGlobalSection
	GlobalSection(ProjectConfigurationPlatforms) = postSolution
		{89B5DBA5-351C-4BA7-A88B-9E38850F5764}.Debug|.NET.ActiveCfg = Debug|.NET
		{89B5DBA5-351C-4BA7-A88B-9E38850F5764}.Debug|.NET.Build.0 = Debug|.NET
	EndGlobalSection
	GlobalSection(SolutionProperties) = preSolution
		HideSolutionNode = FALSE
	EndGlobalSection
EndGlobal
