
Microsoft Visual Studio Solution File, Format Version 9.00
# Visual Studio 2005
Project("{FAE04EC0-301F-11D3-BF4B-00C04F79EFBC}") = "Server+Client+BinaryWriter", "Server+Client+BinaryWriter\Server+Client+BinaryWriter.csproj", "{31CD494B-8E67-48E4-B210-12DD153390CE}"
EndProject
Project("{FAE04EC0-301F-11D3-BF4B-00C04F79EFBC}") = "client", "client\client.csproj", "{5F537BD3-8BB4-4BD1-930F-65A500214A6F}"
EndProject
Global
	GlobalSection(SolutionConfigurationPlatforms) = preSolution
		Debug|Any CPU = Debug|Any CPU
		Release|Any CPU = Release|Any CPU
	EndGlobalSection
	GlobalSection(ProjectConfigurationPlatforms) = postSolution
		{31CD494B-8E67-48E4-B210-12DD153390CE}.Debug|Any CPU.ActiveCfg = Debug|Any CPU
		{31CD494B-8E67-48E4-B210-12DD153390CE}.Debug|Any CPU.Build.0 = Debug|Any CPU
		{31CD494B-8E67-48E4-B210-12DD153390CE}.Release|Any CPU.ActiveCfg = Release|Any CPU
		{31CD494B-8E67-48E4-B210-12DD153390CE}.Release|Any CPU.Build.0 = Release|Any CPU
		{5F537BD3-8BB4-4BD1-930F-65A500214A6F}.Debug|Any CPU.ActiveCfg = Debug|Any CPU
		{5F537BD3-8BB4-4BD1-930F-65A500214A6F}.Debug|Any CPU.Build.0 = Debug|Any CPU
		{5F537BD3-8BB4-4BD1-930F-65A500214A6F}.Release|Any CPU.ActiveCfg = Release|Any CPU
		{5F537BD3-8BB4-4BD1-930F-65A500214A6F}.Release|Any CPU.Build.0 = Release|Any CPU
	EndGlobalSection
	GlobalSection(SolutionProperties) = preSolution
		HideSolutionNode = FALSE
	EndGlobalSection
EndGlobal
