
Microsoft Visual Studio Solution File, Format Version 9.00
# Visual Studio 2005
Project("{FAE04EC0-301F-11D3-BF4B-00C04F79EFBC}") = "Desktop_Image_Compression", "Desktop_Image_Compression\Desktop_Image_Compression.csproj", "{7DDB427B-077A-446C-9A22-52EF56F7A833}"
EndProject
Global
	GlobalSection(SolutionConfigurationPlatforms) = preSolution
		Debug|Any CPU = Debug|Any CPU
		Release|Any CPU = Release|Any CPU
	EndGlobalSection
	GlobalSection(ProjectConfigurationPlatforms) = postSolution
		{7DDB427B-077A-446C-9A22-52EF56F7A833}.Debug|Any CPU.ActiveCfg = Debug|Any CPU
		{7DDB427B-077A-446C-9A22-52EF56F7A833}.Debug|Any CPU.Build.0 = Debug|Any CPU
		{7DDB427B-077A-446C-9A22-52EF56F7A833}.Release|Any CPU.ActiveCfg = Release|Any CPU
		{7DDB427B-077A-446C-9A22-52EF56F7A833}.Release|Any CPU.Build.0 = Release|Any CPU
	EndGlobalSection
	GlobalSection(SolutionProperties) = preSolution
		HideSolutionNode = FALSE
	EndGlobalSection
EndGlobal
