
Microsoft Visual Studio Solution File, Format Version 9.00
# Visual Studio 2005
Project("{FAE04EC0-301F-11D3-BF4B-00C04F79EFBC}") = "TestBroweServer1", "TestBroweServer1\TestBroweServer1.csproj", "{26561D9C-F8F4-4E22-80F7-F16B7689A800}"
EndProject
Global
	GlobalSection(SolutionConfigurationPlatforms) = preSolution
		Debug|Any CPU = Debug|Any CPU
		Release|Any CPU = Release|Any CPU
	EndGlobalSection
	GlobalSection(ProjectConfigurationPlatforms) = postSolution
		{26561D9C-F8F4-4E22-80F7-F16B7689A800}.Debug|Any CPU.ActiveCfg = Debug|Any CPU
		{26561D9C-F8F4-4E22-80F7-F16B7689A800}.Debug|Any CPU.Build.0 = Debug|Any CPU
		{26561D9C-F8F4-4E22-80F7-F16B7689A800}.Release|Any CPU.ActiveCfg = Release|Any CPU
		{26561D9C-F8F4-4E22-80F7-F16B7689A800}.Release|Any CPU.Build.0 = Release|Any CPU
	EndGlobalSection
	GlobalSection(SolutionProperties) = preSolution
		HideSolutionNode = FALSE
	EndGlobalSection
EndGlobal
