Microsoft Visual Studio Solution File, Format Version 9.00
# Visual Studio 2005
Project("{E24C65DC-7377-472B-9ABA-BC803B73C61A}") = "G:\...\pro\", ".", "{9398A214-5788-415C-82F7-C3E0B98B21C5}"
	ProjectSection(WebsiteProperties) = preProject
		Frontpage = "false"
		Debug.AspNetCompiler.VirtualPath = "/pro"
		Debug.AspNetCompiler.PhysicalPath = "..\pro\"
		Debug.AspNetCompiler.TargetPath = "PrecompiledWeb\pro\"
		Debug.AspNetCompiler.Updateable = "true"
		Debug.AspNetCompiler.ForceOverwrite = "true"
		Debug.AspNetCompiler.FixedNames = "false"
		Debug.AspNetCompiler.Debug = "True"
		Release.AspNetCompiler.VirtualPath = "/pro"
		Release.AspNetCompiler.PhysicalPath = "..\pro\"
		Release.AspNetCompiler.TargetPath = "PrecompiledWeb\pro\"
		Release.AspNetCompiler.Updateable = "true"
		Release.AspNetCompiler.ForceOverwrite = "true"
		Release.AspNetCompiler.FixedNames = "false"
		Release.AspNetCompiler.Debug = "False"
		VWDPort = "1040"
	EndProjectSection
EndProject
Global
	GlobalSection(SolutionConfigurationPlatforms) = preSolution
		Debug|.NET = Debug|.NET
	EndGlobalSection
	GlobalSection(ProjectConfigurationPlatforms) = postSolution
		{9398A214-5788-415C-82F7-C3E0B98B21C5}.Debug|.NET.ActiveCfg = Debug|.NET
	EndGlobalSection
	GlobalSection(SolutionProperties) = preSolution
		HideSolutionNode = FALSE
	EndGlobalSection
EndGlobal
