
Microsoft Visual Studio Solution File, Format Version 9.00
# Visual Studio 2005
Project("{FAE04EC0-301F-11D3-BF4B-00C04F79EFBC}") = "Drop_File_on_ME", "Drop_File_on_ME\Drop_File_on_ME.csproj", "{12A0D713-BE2E-4291-B433-2D08A0FFAC1A}"
EndProject
Global
	GlobalSection(SolutionConfigurationPlatforms) = preSolution
		Debug|Any CPU = Debug|Any CPU
		Release|Any CPU = Release|Any CPU
	EndGlobalSection
	GlobalSection(ProjectConfigurationPlatforms) = postSolution
		{12A0D713-BE2E-4291-B433-2D08A0FFAC1A}.Debug|Any CPU.ActiveCfg = Debug|Any CPU
		{12A0D713-BE2E-4291-B433-2D08A0FFAC1A}.Debug|Any CPU.Build.0 = Debug|Any CPU
		{12A0D713-BE2E-4291-B433-2D08A0FFAC1A}.Release|Any CPU.ActiveCfg = Release|Any CPU
		{12A0D713-BE2E-4291-B433-2D08A0FFAC1A}.Release|Any CPU.Build.0 = Release|Any CPU
	EndGlobalSection
	GlobalSection(SolutionProperties) = preSolution
		HideSolutionNode = FALSE
	EndGlobalSection
EndGlobal
