Microsoft Visual Studio Solution File, Format Version 9.00
# Visual Studio 2005
Project("{F184B08F-C81C-45F6-A57F-5ABD9991F28F}") = "SplashDemo", "SplashDemo\SplashDemo.vbproj", "{DB061D32-81A6-4B6B-ADC5-F767B30907BF}"
EndProject
Global
	GlobalSection(SolutionConfigurationPlatforms) = preSolution
		Debug|Any CPU = Debug|Any CPU
		Release|Any CPU = Release|Any CPU
	EndGlobalSection
	GlobalSection(ProjectConfigurationPlatforms) = postSolution
		{DB061D32-81A6-4B6B-ADC5-F767B30907BF}.Debug|Any CPU.ActiveCfg = Release|Any CPU
		{DB061D32-81A6-4B6B-ADC5-F767B30907BF}.Debug|Any CPU.Build.0 = Release|Any CPU
		{DB061D32-81A6-4B6B-ADC5-F767B30907BF}.Release|Any CPU.ActiveCfg = Release|Any CPU
		{DB061D32-81A6-4B6B-ADC5-F767B30907BF}.Release|Any CPU.Build.0 = Release|Any CPU
	EndGlobalSection
	GlobalSection(SolutionProperties) = preSolution
		HideSolutionNode = FALSE
	EndGlobalSection
EndGlobal
