
Microsoft Visual Studio Solution File, Format Version 9.00
# Visual Studio 2005
Project("{FAE04EC0-301F-11D3-BF4B-00C04F79EFBC}") = "Operator_Overloading_Test", "Operator_Overloading_Test\Operator_Overloading_Test.csproj", "{5AE104B1-7677-4B72-85D7-4EB84098612E}"
EndProject
Global
	GlobalSection(SolutionConfigurationPlatforms) = preSolution
		Debug|Any CPU = Debug|Any CPU
		Release|Any CPU = Release|Any CPU
	EndGlobalSection
	GlobalSection(ProjectConfigurationPlatforms) = postSolution
		{5AE104B1-7677-4B72-85D7-4EB84098612E}.Debug|Any CPU.ActiveCfg = Debug|Any CPU
		{5AE104B1-7677-4B72-85D7-4EB84098612E}.Debug|Any CPU.Build.0 = Debug|Any CPU
		{5AE104B1-7677-4B72-85D7-4EB84098612E}.Release|Any CPU.ActiveCfg = Release|Any CPU
		{5AE104B1-7677-4B72-85D7-4EB84098612E}.Release|Any CPU.Build.0 = Release|Any CPU
	EndGlobalSection
	GlobalSection(SolutionProperties) = preSolution
		HideSolutionNode = FALSE
	EndGlobalSection
EndGlobal
