
Microsoft Visual Studio Solution File, Format Version 9.00
# Visual Studio 2005
Project("{FAE04EC0-301F-11D3-BF4B-00C04F79EFBC}") = "Compare_2_Files", "Compare_2_Files\Compare_2_Files.csproj", "{AFEE6665-F2A3-485E-86FA-7BE59E7738F4}"
EndProject
Global
	GlobalSection(SolutionConfigurationPlatforms) = preSolution
		Debug|Any CPU = Debug|Any CPU
		Release|Any CPU = Release|Any CPU
	EndGlobalSection
	GlobalSection(ProjectConfigurationPlatforms) = postSolution
		{AFEE6665-F2A3-485E-86FA-7BE59E7738F4}.Debug|Any CPU.ActiveCfg = Debug|Any CPU
		{AFEE6665-F2A3-485E-86FA-7BE59E7738F4}.Debug|Any CPU.Build.0 = Debug|Any CPU
		{AFEE6665-F2A3-485E-86FA-7BE59E7738F4}.Release|Any CPU.ActiveCfg = Release|Any CPU
		{AFEE6665-F2A3-485E-86FA-7BE59E7738F4}.Release|Any CPU.Build.0 = Release|Any CPU
	EndGlobalSection
	GlobalSection(SolutionProperties) = preSolution
		HideSolutionNode = FALSE
	EndGlobalSection
EndGlobal
