
Microsoft Visual Studio Solution File, Format Version 9.00
# Visual Studio 2005
Project("{E24C65DC-7377-472B-9ABA-BC803B73C61A}") = "D:\...\WebSite3\", "D:\Documents and Settings\fci_2007.FCIS\Desktop\W I S\WebSite3\", "{564F74F1-922D-40D6-A4B9-A91F8F458D09}"
	ProjectSection(WebsiteProperties) = preProject
		Debug.AspNetCompiler.VirtualPath = "/WebSite3"
		Debug.AspNetCompiler.PhysicalPath = "D:\Documents and Settings\fci_2007.FCIS\Desktop\W I S\WebSite3\"
		Debug.AspNetCompiler.TargetPath = "PrecompiledWeb\WebSite3\"
		Debug.AspNetCompiler.Updateable = "true"
		Debug.AspNetCompiler.ForceOverwrite = "true"
		Debug.AspNetCompiler.FixedNames = "false"
		Debug.AspNetCompiler.Debug = "True"
		Release.AspNetCompiler.VirtualPath = "/WebSite3"
		Release.AspNetCompiler.PhysicalPath = "D:\Documents and Settings\fci_2007.FCIS\Desktop\W I S\WebSite3\"
		Release.AspNetCompiler.TargetPath = "PrecompiledWeb\WebSite3\"
		Release.AspNetCompiler.Updateable = "true"
		Release.AspNetCompiler.ForceOverwrite = "true"
		Release.AspNetCompiler.FixedNames = "false"
		Release.AspNetCompiler.Debug = "False"
		VWDPort = "1656"
	EndProjectSection
EndProject
Global
	GlobalSection(SolutionConfigurationPlatforms) = preSolution
		Debug|.NET = Debug|.NET
	EndGlobalSection
	GlobalSection(ProjectConfigurationPlatforms) = postSolution
		{564F74F1-922D-40D6-A4B9-A91F8F458D09}.Debug|.NET.ActiveCfg = Debug|.NET
		{564F74F1-922D-40D6-A4B9-A91F8F458D09}.Debug|.NET.Build.0 = Debug|.NET
	EndGlobalSection
	GlobalSection(SolutionProperties) = preSolution
		HideSolutionNode = FALSE
	EndGlobalSection
EndGlobal
