
Microsoft Visual Studio Solution File, Format Version 9.00
# Visual Studio 2005
Project("{E24C65DC-7377-472B-9ABA-BC803B73C61A}") = "F:\WebSite2\", "..\..\WebSite2\", "{14DE60D8-7281-495E-B019-61411205CA72}"
	ProjectSection(WebsiteProperties) = preProject
		Debug.AspNetCompiler.VirtualPath = "/WebSite2"
		Debug.AspNetCompiler.PhysicalPath = "..\..\WebSite2\"
		Debug.AspNetCompiler.TargetPath = "PrecompiledWeb\WebSite2\"
		Debug.AspNetCompiler.Updateable = "true"
		Debug.AspNetCompiler.ForceOverwrite = "true"
		Debug.AspNetCompiler.FixedNames = "false"
		Debug.AspNetCompiler.Debug = "True"
		Release.AspNetCompiler.VirtualPath = "/WebSite2"
		Release.AspNetCompiler.PhysicalPath = "..\..\WebSite2\"
		Release.AspNetCompiler.TargetPath = "PrecompiledWeb\WebSite2\"
		Release.AspNetCompiler.Updateable = "true"
		Release.AspNetCompiler.ForceOverwrite = "true"
		Release.AspNetCompiler.FixedNames = "false"
		Release.AspNetCompiler.Debug = "False"
		VWDPort = "1879"
		DefaultWebSiteLanguage = "Visual C#"
	EndProjectSection
EndProject
Global
	GlobalSection(SolutionConfigurationPlatforms) = preSolution
		Debug|.NET = Debug|.NET
	EndGlobalSection
	GlobalSection(ProjectConfigurationPlatforms) = postSolution
		{14DE60D8-7281-495E-B019-61411205CA72}.Debug|.NET.ActiveCfg = Debug|.NET
		{14DE60D8-7281-495E-B019-61411205CA72}.Debug|.NET.Build.0 = Debug|.NET
	EndGlobalSection
	GlobalSection(SolutionProperties) = preSolution
		HideSolutionNode = FALSE
	EndGlobalSection
EndGlobal
