
Microsoft Visual Studio Solution File, Format Version 9.00
# Visual Studio 2005
Project("{E24C65DC-7377-472B-9ABA-BC803B73C61A}") = "E:\...\IS_PROJECT 3\", "..\..\Fourth_Year\E-Commerce\last eC\last Ec\IS_PROJECT 3\", "{21B54AF9-513C-4662-92C5-D6A6364A42BF}"
	ProjectSection(WebsiteProperties) = preProject
		Debug.AspNetCompiler.VirtualPath = "/IS_PROJECT 3"
		Debug.AspNetCompiler.PhysicalPath = "..\..\Fourth_Year\E-Commerce\last eC\last Ec\IS_PROJECT 3\"
		Debug.AspNetCompiler.TargetPath = "PrecompiledWeb\IS_PROJECT 3\"
		Debug.AspNetCompiler.Updateable = "true"
		Debug.AspNetCompiler.ForceOverwrite = "true"
		Debug.AspNetCompiler.FixedNames = "false"
		Debug.AspNetCompiler.Debug = "True"
		Release.AspNetCompiler.VirtualPath = "/IS_PROJECT 3"
		Release.AspNetCompiler.PhysicalPath = "..\..\Fourth_Year\E-Commerce\last eC\last Ec\IS_PROJECT 3\"
		Release.AspNetCompiler.TargetPath = "PrecompiledWeb\IS_PROJECT 3\"
		Release.AspNetCompiler.Updateable = "true"
		Release.AspNetCompiler.ForceOverwrite = "true"
		Release.AspNetCompiler.FixedNames = "false"
		Release.AspNetCompiler.Debug = "False"
		VWDPort = "1034"
	EndProjectSection
EndProject
Global
	GlobalSection(SolutionConfigurationPlatforms) = preSolution
		Debug|.NET = Debug|.NET
	EndGlobalSection
	GlobalSection(ProjectConfigurationPlatforms) = postSolution
		{21B54AF9-513C-4662-92C5-D6A6364A42BF}.Debug|.NET.ActiveCfg = Debug|.NET
		{21B54AF9-513C-4662-92C5-D6A6364A42BF}.Debug|.NET.Build.0 = Debug|.NET
	EndGlobalSection
	GlobalSection(SolutionProperties) = preSolution
		HideSolutionNode = FALSE
	EndGlobalSection
EndGlobal
