Microsoft Visual Studio Solution File, Format Version 10.00
# Visual Studio 2008
Project("{FAE04EC0-301F-11D3-BF4B-00C04F79EFBC}") = "ControExams_Sys", "ControExams_Sys.csproj", "{13C49E2A-D777-4E41-86A7-6A3472639F85}"
EndProject
Project("{F184B08F-C81C-45F6-A57F-5ABD9991F28F}") = "FunLabel", "FunLabel\FunLabel.vbproj", "{539FCF39-D4E9-4C3E-97BC-E146020F9A90}"
EndProject
Project("{54435603-DBB4-11D2-8724-00A0C9A8B90C}") = "Setup1", "..\Setup1\Setup1.vdproj", "{A4B13BBC-619A-47DF-BB07-38A33E5CB2D3}"
EndProject
Global
	GlobalSection(SolutionConfigurationPlatforms) = preSolution
		Debug|Any CPU = Debug|Any CPU
		Release|Any CPU = Release|Any CPU
	EndGlobalSection
	GlobalSection(ProjectConfigurationPlatforms) = postSolution
		{13C49E2A-D777-4E41-86A7-6A3472639F85}.Debug|Any CPU.ActiveCfg = Debug|Any CPU
		{13C49E2A-D777-4E41-86A7-6A3472639F85}.Debug|Any CPU.Build.0 = Debug|Any CPU
		{13C49E2A-D777-4E41-86A7-6A3472639F85}.Release|Any CPU.ActiveCfg = Release|Any CPU
		{13C49E2A-D777-4E41-86A7-6A3472639F85}.Release|Any CPU.Build.0 = Release|Any CPU
		{539FCF39-D4E9-4C3E-97BC-E146020F9A90}.Debug|Any CPU.ActiveCfg = Debug|Any CPU
		{539FCF39-D4E9-4C3E-97BC-E146020F9A90}.Debug|Any CPU.Build.0 = Debug|Any CPU
		{539FCF39-D4E9-4C3E-97BC-E146020F9A90}.Release|Any CPU.ActiveCfg = Release|Any CPU
		{539FCF39-D4E9-4C3E-97BC-E146020F9A90}.Release|Any CPU.Build.0 = Release|Any CPU
		{A4B13BBC-619A-47DF-BB07-38A33E5CB2D3}.Debug|Any CPU.ActiveCfg = Debug
		{A4B13BBC-619A-47DF-BB07-38A33E5CB2D3}.Release|Any CPU.ActiveCfg = Release
	EndGlobalSection
	GlobalSection(SolutionProperties) = preSolution
		HideSolutionNode = FALSE
	EndGlobalSection
EndGlobal
