
Microsoft Visual Studio Solution File, Format Version 9.00
# Visual Studio 2005
Project("{FAE04EC0-301F-11D3-BF4B-00C04F79EFBC}") = "NameSpaces_test1", "NameSpaces_test1\NameSpaces_test1.csproj", "{B256D5CF-86E9-4BB1-9676-3138F05973EE}"
EndProject
Global
	GlobalSection(SolutionConfigurationPlatforms) = preSolution
		Debug|Any CPU = Debug|Any CPU
		Release|Any CPU = Release|Any CPU
	EndGlobalSection
	GlobalSection(ProjectConfigurationPlatforms) = postSolution
		{B256D5CF-86E9-4BB1-9676-3138F05973EE}.Debug|Any CPU.ActiveCfg = Debug|Any CPU
		{B256D5CF-86E9-4BB1-9676-3138F05973EE}.Debug|Any CPU.Build.0 = Debug|Any CPU
		{B256D5CF-86E9-4BB1-9676-3138F05973EE}.Release|Any CPU.ActiveCfg = Release|Any CPU
		{B256D5CF-86E9-4BB1-9676-3138F05973EE}.Release|Any CPU.Build.0 = Release|Any CPU
	EndGlobalSection
	GlobalSection(SolutionProperties) = preSolution
		HideSolutionNode = FALSE
	EndGlobalSection
EndGlobal
