Microsoft Visual Studio Solution File, Format Version 9.00
# Visual Studio 2005
Project("{E24C65DC-7377-472B-9ABA-BC803B73C61A}") = "AdminLite", "http://localhost/AdminLite/AdminLite.csproj", "{5870B829-92AA-47C2-9293-4684E7837379}"
EndProject
Global
	GlobalSection(SolutionConfigurationPlatforms) = preSolution
		Debug|Default = Debug|Default
		Release|Default = Release|Default
	EndGlobalSection
	GlobalSection(ProjectConfigurationPlatforms) = postSolution
		{5870B829-92AA-47C2-9293-4684E7837379}.Debug|Default.ActiveCfg = Debug|.NET
		{5870B829-92AA-47C2-9293-4684E7837379}.Debug|Default.Build.0 = Debug|.NET
		{5870B829-92AA-47C2-9293-4684E7837379}.Release|Default.ActiveCfg = Release|.NET
		{5870B829-92AA-47C2-9293-4684E7837379}.Release|Default.Build.0 = Release|.NET
	EndGlobalSection
	GlobalSection(SolutionProperties) = preSolution
		HideSolutionNode = FALSE
	EndGlobalSection
EndGlobal
