
Microsoft Visual Studio Solution File, Format Version 9.00
# Visual C# Express 2005
Project("{FAE04EC0-301F-11D3-BF4B-00C04F79EFBC}") = "الاعطال", "الاعطال\الاعطال.csproj", "{43FE531A-B28F-4473-81AA-1DAB3A3B9AEF}"
EndProject
Global
	GlobalSection(SolutionConfigurationPlatforms) = preSolution
		Debug|Any CPU = Debug|Any CPU
		Release|Any CPU = Release|Any CPU
	EndGlobalSection
	GlobalSection(ProjectConfigurationPlatforms) = postSolution
		{43FE531A-B28F-4473-81AA-1DAB3A3B9AEF}.Debug|Any CPU.ActiveCfg = Debug|Any CPU
		{43FE531A-B28F-4473-81AA-1DAB3A3B9AEF}.Debug|Any CPU.Build.0 = Debug|Any CPU
		{43FE531A-B28F-4473-81AA-1DAB3A3B9AEF}.Release|Any CPU.ActiveCfg = Release|Any CPU
		{43FE531A-B28F-4473-81AA-1DAB3A3B9AEF}.Release|Any CPU.Build.0 = Release|Any CPU
	EndGlobalSection
	GlobalSection(SolutionProperties) = preSolution
		HideSolutionNode = FALSE
	EndGlobalSection
EndGlobal
