Microsoft Visual Studio Solution File, Format Version 8.00
Project("{FAE04EC0-301F-11D3-BF4B-00C04F79EFBC}") = "PicManager", "http://localhost/PicManager/PicManager.csproj", "{02E1A6A0-8BFE-4EB5-B869-23C0DA27EFF0}"
	ProjectSection(ProjectDependencies) = postProject
	EndProjectSection
EndProject
Global
	GlobalSection(SourceCodeControl) = preSolution
		SccNumberOfProjects = 1
		SccProjectUniqueName0 = http://localhost/PicManager/PicManager.csproj
		SccProjectName0 = \u0022$/PicManager\u0022,\u0020JAAAAAAA
		SccLocalPath0 = .
		SccProvider0 = MSSCCI:Microsoft\u0020Visual\u0020SourceSafe
		CanCheckoutShared = false
		SccProjectEnlistmentChoice0 = 2
	EndGlobalSection
	GlobalSection(SolutionConfiguration) = preSolution
		Debug = Debug
		Release = Release
	EndGlobalSection
	GlobalSection(ProjectConfiguration) = postSolution
		{02E1A6A0-8BFE-4EB5-B869-23C0DA27EFF0}.Debug.ActiveCfg = Debug|.NET
		{02E1A6A0-8BFE-4EB5-B869-23C0DA27EFF0}.Debug.Build.0 = Debug|.NET
		{02E1A6A0-8BFE-4EB5-B869-23C0DA27EFF0}.Release.ActiveCfg = Release|.NET
		{02E1A6A0-8BFE-4EB5-B869-23C0DA27EFF0}.Release.Build.0 = Release|.NET
	EndGlobalSection
	GlobalSection(ExtensibilityGlobals) = postSolution
	EndGlobalSection
	GlobalSection(ExtensibilityAddIns) = postSolution
	EndGlobalSection
EndGlobal
