
Microsoft Visual Studio Solution File, Format Version 9.00
# Visual Studio 2005
Project("{FAE04EC0-301F-11D3-BF4B-00C04F79EFBC}") = "Client+Cipher+Serialization_1", "Client+Cipher+Serialization_1\Client+Cipher+Serialization_1.csproj", "{B8E9D77E-5D10-4BBD-9B45-1013234D0784}"
EndProject
Global
	GlobalSection(SolutionConfigurationPlatforms) = preSolution
		Debug|Any CPU = Debug|Any CPU
		Release|Any CPU = Release|Any CPU
	EndGlobalSection
	GlobalSection(ProjectConfigurationPlatforms) = postSolution
		{B8E9D77E-5D10-4BBD-9B45-1013234D0784}.Debug|Any CPU.ActiveCfg = Debug|Any CPU
		{B8E9D77E-5D10-4BBD-9B45-1013234D0784}.Debug|Any CPU.Build.0 = Debug|Any CPU
		{B8E9D77E-5D10-4BBD-9B45-1013234D0784}.Release|Any CPU.ActiveCfg = Release|Any CPU
		{B8E9D77E-5D10-4BBD-9B45-1013234D0784}.Release|Any CPU.Build.0 = Release|Any CPU
	EndGlobalSection
	GlobalSection(SolutionProperties) = preSolution
		HideSolutionNode = FALSE
	EndGlobalSection
EndGlobal
