Microsoft Visual Studio Solution File, Format Version 9.00
# Visual Studio 2005
Project("{F184B08F-C81C-45F6-A57F-5ABD9991F28F}") = "storeANDretrieveImages", "storeANDretrieveImages.vbproj", "{529E4BFF-B87E-4D53-B007-9003CC09A5B3}"
EndProject
Global
	GlobalSection(SolutionConfigurationPlatforms) = preSolution
		Debug|Any CPU = Debug|Any CPU
		Release|Any CPU = Release|Any CPU
	EndGlobalSection
	GlobalSection(ProjectConfigurationPlatforms) = postSolution
		{529E4BFF-B87E-4D53-B007-9003CC09A5B3}.Debug|Any CPU.ActiveCfg = Debug|Any CPU
		{529E4BFF-B87E-4D53-B007-9003CC09A5B3}.Debug|Any CPU.Build.0 = Debug|Any CPU
		{529E4BFF-B87E-4D53-B007-9003CC09A5B3}.Release|Any CPU.ActiveCfg = Release|Any CPU
		{529E4BFF-B87E-4D53-B007-9003CC09A5B3}.Release|Any CPU.Build.0 = Release|Any CPU
	EndGlobalSection
	GlobalSection(SolutionProperties) = preSolution
		HideSolutionNode = FALSE
	EndGlobalSection
EndGlobal
