Microsoft Visual Studio Solution File, Format Version 8.00
Project("{FAE04EC0-301F-11D3-BF4B-00C04F79EFBC}") = "WindowsApplication1", "WindowsApplication1.csproj", "{13C49E2A-D777-4E41-86A7-6A3472639F85}"
	ProjectSection(ProjectDependencies) = postProject
	EndProjectSection
EndProject
Global
	GlobalSection(SolutionConfiguration) = preSolution
		Debug = Debug
		Release = Release
	EndGlobalSection
	GlobalSection(ProjectConfiguration) = postSolution
		{13C49E2A-D777-4E41-86A7-6A3472639F85}.Debug.ActiveCfg = Debug|.NET
		{13C49E2A-D777-4E41-86A7-6A3472639F85}.Debug.Build.0 = Debug|.NET
		{13C49E2A-D777-4E41-86A7-6A3472639F85}.Release.ActiveCfg = Release|.NET
		{13C49E2A-D777-4E41-86A7-6A3472639F85}.Release.Build.0 = Release|.NET
	EndGlobalSection
	GlobalSection(ExtensibilityGlobals) = postSolution
	EndGlobalSection
	GlobalSection(ExtensibilityAddIns) = postSolution
	EndGlobalSection
EndGlobal
