Microsoft Visual Studio Solution File, Format Version 8.00
Project("{FAE04EC0-301F-11D3-BF4B-00C04F79EFBC}") = "USB Write Protection", "USB Write Protection.csproj", "{7E1ABF04-2F51-41C4-803B-095B018A904B}"
	ProjectSection(ProjectDependencies) = postProject
	EndProjectSection
EndProject
Global
	GlobalSection(SolutionConfiguration) = preSolution
		Debug = Debug
		Release = Release
	EndGlobalSection
	GlobalSection(ProjectConfiguration) = postSolution
		{7E1ABF04-2F51-41C4-803B-095B018A904B}.Debug.ActiveCfg = Debug|.NET
		{7E1ABF04-2F51-41C4-803B-095B018A904B}.Debug.Build.0 = Debug|.NET
		{7E1ABF04-2F51-41C4-803B-095B018A904B}.Release.ActiveCfg = Release|.NET
		{7E1ABF04-2F51-41C4-803B-095B018A904B}.Release.Build.0 = Release|.NET
	EndGlobalSection
	GlobalSection(ExtensibilityGlobals) = postSolution
	EndGlobalSection
	GlobalSection(ExtensibilityAddIns) = postSolution
	EndGlobalSection
EndGlobal
