
Microsoft Visual Studio Solution File, Format Version 9.00
# Visual Studio 2005
Project("{FAE04EC0-301F-11D3-BF4B-00C04F79EFBC}") = "TCP_RAW_Socket_Test3", "TCP_RAW_Socket_Test3\TCP_RAW_Socket_Test3.csproj", "{F900FBEC-6F1A-4649-88C5-4B2C24C95985}"
EndProject
Global
	GlobalSection(SolutionConfigurationPlatforms) = preSolution
		Debug|Any CPU = Debug|Any CPU
		Release|Any CPU = Release|Any CPU
	EndGlobalSection
	GlobalSection(ProjectConfigurationPlatforms) = postSolution
		{F900FBEC-6F1A-4649-88C5-4B2C24C95985}.Debug|Any CPU.ActiveCfg = Debug|Any CPU
		{F900FBEC-6F1A-4649-88C5-4B2C24C95985}.Debug|Any CPU.Build.0 = Debug|Any CPU
		{F900FBEC-6F1A-4649-88C5-4B2C24C95985}.Release|Any CPU.ActiveCfg = Release|Any CPU
		{F900FBEC-6F1A-4649-88C5-4B2C24C95985}.Release|Any CPU.Build.0 = Release|Any CPU
	EndGlobalSection
	GlobalSection(SolutionProperties) = preSolution
		HideSolutionNode = FALSE
	EndGlobalSection
EndGlobal
