
Microsoft Visual Studio Solution File, Format Version 9.00
# Visual C# Express 2005
Project("{FAE04EC0-301F-11D3-BF4B-00C04F79EFBC}") = "ch3_2,...all", "ch3_2,...all\ch3_2,...all.csproj", "{53BDB136-FB5D-4291-B593-D5B7346D2706}"
EndProject
Global
	GlobalSection(SolutionConfigurationPlatforms) = preSolution
		Debug|Any CPU = Debug|Any CPU
		Release|Any CPU = Release|Any CPU
	EndGlobalSection
	GlobalSection(ProjectConfigurationPlatforms) = postSolution
		{53BDB136-FB5D-4291-B593-D5B7346D2706}.Debug|Any CPU.ActiveCfg = Debug|Any CPU
		{53BDB136-FB5D-4291-B593-D5B7346D2706}.Debug|Any CPU.Build.0 = Debug|Any CPU
		{53BDB136-FB5D-4291-B593-D5B7346D2706}.Release|Any CPU.ActiveCfg = Release|Any CPU
		{53BDB136-FB5D-4291-B593-D5B7346D2706}.Release|Any CPU.Build.0 = Release|Any CPU
	EndGlobalSection
	GlobalSection(SolutionProperties) = preSolution
		HideSolutionNode = FALSE
	EndGlobalSection
EndGlobal
