
Microsoft Visual Studio Solution File, Format Version 9.00
# Visual Studio 2005
Project("{FAE04EC0-301F-11D3-BF4B-00C04F79EFBC}") = "WindowsApplication5", "WindowsApplication5\WindowsApplication5.csproj", "{F01E08D9-FE4D-491A-8B39-CDA960593BFF}"
EndProject
Global
	GlobalSection(SolutionConfigurationPlatforms) = preSolution
		Debug|Any CPU = Debug|Any CPU
		Release|Any CPU = Release|Any CPU
	EndGlobalSection
	GlobalSection(ProjectConfigurationPlatforms) = postSolution
		{F01E08D9-FE4D-491A-8B39-CDA960593BFF}.Debug|Any CPU.ActiveCfg = Debug|Any CPU
		{F01E08D9-FE4D-491A-8B39-CDA960593BFF}.Debug|Any CPU.Build.0 = Debug|Any CPU
		{F01E08D9-FE4D-491A-8B39-CDA960593BFF}.Release|Any CPU.ActiveCfg = Release|Any CPU
		{F01E08D9-FE4D-491A-8B39-CDA960593BFF}.Release|Any CPU.Build.0 = Release|Any CPU
	EndGlobalSection
	GlobalSection(SolutionProperties) = preSolution
		HideSolutionNode = FALSE
	EndGlobalSection
EndGlobal
