
Microsoft Visual Studio Solution File, Format Version 9.00
# Visual Studio 2005
Project("{FAE04EC0-301F-11D3-BF4B-00C04F79EFBC}") = "sss", "sss\sss.csproj", "{BCBFD088-BCC5-49D5-8306-F7D8E9D6F31A}"
EndProject
Project("{8BC9CEB8-8B4A-11D0-8D11-00A0C91BC942}") = "FaceDetection", "..\N_FLASH\Face_top\cv2\TestDetection_v.2\FaceDetection\FaceDetection.vcproj", "{7841F84A-1A40-4CE8-8E71-6F3A7797DE6E}"
EndProject
Global
	GlobalSection(SolutionConfigurationPlatforms) = preSolution
		Debug|Any CPU = Debug|Any CPU
		Debug|Mixed Platforms = Debug|Mixed Platforms
		Debug|Win32 = Debug|Win32
		Release|Any CPU = Release|Any CPU
		Release|Mixed Platforms = Release|Mixed Platforms
		Release|Win32 = Release|Win32
	EndGlobalSection
	GlobalSection(ProjectConfigurationPlatforms) = postSolution
		{BCBFD088-BCC5-49D5-8306-F7D8E9D6F31A}.Debug|Any CPU.ActiveCfg = Debug|Any CPU
		{BCBFD088-BCC5-49D5-8306-F7D8E9D6F31A}.Debug|Any CPU.Build.0 = Debug|Any CPU
		{BCBFD088-BCC5-49D5-8306-F7D8E9D6F31A}.Debug|Mixed Platforms.ActiveCfg = Debug|Any CPU
		{BCBFD088-BCC5-49D5-8306-F7D8E9D6F31A}.Debug|Mixed Platforms.Build.0 = Debug|Any CPU
		{BCBFD088-BCC5-49D5-8306-F7D8E9D6F31A}.Debug|Win32.ActiveCfg = Debug|Any CPU
		{BCBFD088-BCC5-49D5-8306-F7D8E9D6F31A}.Release|Any CPU.ActiveCfg = Release|Any CPU
		{BCBFD088-BCC5-49D5-8306-F7D8E9D6F31A}.Release|Any CPU.Build.0 = Release|Any CPU
		{BCBFD088-BCC5-49D5-8306-F7D8E9D6F31A}.Release|Mixed Platforms.ActiveCfg = Release|Any CPU
		{BCBFD088-BCC5-49D5-8306-F7D8E9D6F31A}.Release|Mixed Platforms.Build.0 = Release|Any CPU
		{BCBFD088-BCC5-49D5-8306-F7D8E9D6F31A}.Release|Win32.ActiveCfg = Release|Any CPU
		{7841F84A-1A40-4CE8-8E71-6F3A7797DE6E}.Debug|Any CPU.ActiveCfg = Debug|Win32
		{7841F84A-1A40-4CE8-8E71-6F3A7797DE6E}.Debug|Mixed Platforms.ActiveCfg = Debug|Win32
		{7841F84A-1A40-4CE8-8E71-6F3A7797DE6E}.Debug|Mixed Platforms.Build.0 = Debug|Win32
		{7841F84A-1A40-4CE8-8E71-6F3A7797DE6E}.Debug|Win32.ActiveCfg = Debug|Win32
		{7841F84A-1A40-4CE8-8E71-6F3A7797DE6E}.Debug|Win32.Build.0 = Debug|Win32
		{7841F84A-1A40-4CE8-8E71-6F3A7797DE6E}.Release|Any CPU.ActiveCfg = Release|Win32
		{7841F84A-1A40-4CE8-8E71-6F3A7797DE6E}.Release|Mixed Platforms.ActiveCfg = Release|Win32
		{7841F84A-1A40-4CE8-8E71-6F3A7797DE6E}.Release|Mixed Platforms.Build.0 = Release|Win32
		{7841F84A-1A40-4CE8-8E71-6F3A7797DE6E}.Release|Win32.ActiveCfg = Release|Win32
		{7841F84A-1A40-4CE8-8E71-6F3A7797DE6E}.Release|Win32.Build.0 = Release|Win32
	EndGlobalSection
	GlobalSection(SolutionProperties) = preSolution
		HideSolutionNode = FALSE
	EndGlobalSection
EndGlobal
