
Microsoft Visual Studio Solution File, Format Version 9.00
# Visual C# Express 2005
Project("{FAE04EC0-301F-11D3-BF4B-00C04F79EFBC}") = "WindowsApplication1", "WindowsApplication1\WindowsApplication1.csproj", "{FE9396EE-5B59-485F-8566-4F9FF7CE6909}"
EndProject
Global
	GlobalSection(SolutionConfigurationPlatforms) = preSolution
		Debug|Any CPU = Debug|Any CPU
		Release|Any CPU = Release|Any CPU
	EndGlobalSection
	GlobalSection(ProjectConfigurationPlatforms) = postSolution
		{FE9396EE-5B59-485F-8566-4F9FF7CE6909}.Debug|Any CPU.ActiveCfg = Debug|Any CPU
		{FE9396EE-5B59-485F-8566-4F9FF7CE6909}.Debug|Any CPU.Build.0 = Debug|Any CPU
		{FE9396EE-5B59-485F-8566-4F9FF7CE6909}.Release|Any CPU.ActiveCfg = Release|Any CPU
		{FE9396EE-5B59-485F-8566-4F9FF7CE6909}.Release|Any CPU.Build.0 = Release|Any CPU
	EndGlobalSection
	GlobalSection(SolutionProperties) = preSolution
		HideSolutionNode = FALSE
	EndGlobalSection
EndGlobal
