
Microsoft Visual Studio Solution File, Format Version 9.00
# Visual Studio 2005
Project("{FAE04EC0-301F-11D3-BF4B-00C04F79EFBC}") = "networkTest", "networkTest\networkTest.csproj", "{58853526-F052-439D-9D26-14A5BEC32EED}"
EndProject
Global
	GlobalSection(SolutionConfigurationPlatforms) = preSolution
		Debug|Any CPU = Debug|Any CPU
		Release|Any CPU = Release|Any CPU
	EndGlobalSection
	GlobalSection(ProjectConfigurationPlatforms) = postSolution
		{58853526-F052-439D-9D26-14A5BEC32EED}.Debug|Any CPU.ActiveCfg = Debug|Any CPU
		{58853526-F052-439D-9D26-14A5BEC32EED}.Debug|Any CPU.Build.0 = Debug|Any CPU
		{58853526-F052-439D-9D26-14A5BEC32EED}.Release|Any CPU.ActiveCfg = Release|Any CPU
		{58853526-F052-439D-9D26-14A5BEC32EED}.Release|Any CPU.Build.0 = Release|Any CPU
	EndGlobalSection
	GlobalSection(SolutionProperties) = preSolution
		HideSolutionNode = FALSE
	EndGlobalSection
EndGlobal
