Microsoft Visual Studio Solution File, Format Version 9.00
# Visual Studio 2005
Project("{FAE04EC0-301F-11D3-BF4B-00C04F79EFBC}") = "Keyboard_2005", "Keyboard_2005.csproj", "{302C2D92-6D02-46C1-9FE6-002C1D8D392A}"
EndProject
Global
	GlobalSection(SolutionConfigurationPlatforms) = preSolution
		Debug|Any CPU = Debug|Any CPU
		Release|Any CPU = Release|Any CPU
	EndGlobalSection
	GlobalSection(ProjectConfigurationPlatforms) = postSolution
		{302C2D92-6D02-46C1-9FE6-002C1D8D392A}.Debug|Any CPU.ActiveCfg = Debug|Any CPU
		{302C2D92-6D02-46C1-9FE6-002C1D8D392A}.Debug|Any CPU.Build.0 = Debug|Any CPU
		{302C2D92-6D02-46C1-9FE6-002C1D8D392A}.Release|Any CPU.ActiveCfg = Release|Any CPU
		{302C2D92-6D02-46C1-9FE6-002C1D8D392A}.Release|Any CPU.Build.0 = Release|Any CPU
	EndGlobalSection
	GlobalSection(SolutionProperties) = preSolution
		HideSolutionNode = FALSE
	EndGlobalSection
EndGlobal
