
Microsoft Visual Studio Solution File, Format Version 9.00
# Visual C# Express 2005
Project("{FAE04EC0-301F-11D3-BF4B-00C04F79EFBC}") = "Security Panel", "Security Panel\Security Panel.csproj", "{A14F62A6-B53D-424B-ABDB-387CADAA5241}"
EndProject
Global
	GlobalSection(SolutionConfigurationPlatforms) = preSolution
		Debug|Any CPU = Debug|Any CPU
		Release|Any CPU = Release|Any CPU
	EndGlobalSection
	GlobalSection(ProjectConfigurationPlatforms) = postSolution
		{A14F62A6-B53D-424B-ABDB-387CADAA5241}.Debug|Any CPU.ActiveCfg = Debug|Any CPU
		{A14F62A6-B53D-424B-ABDB-387CADAA5241}.Debug|Any CPU.Build.0 = Debug|Any CPU
		{A14F62A6-B53D-424B-ABDB-387CADAA5241}.Release|Any CPU.ActiveCfg = Release|Any CPU
		{A14F62A6-B53D-424B-ABDB-387CADAA5241}.Release|Any CPU.Build.0 = Release|Any CPU
	EndGlobalSection
	GlobalSection(SolutionProperties) = preSolution
		HideSolutionNode = FALSE
	EndGlobalSection
EndGlobal
