
Microsoft Visual Studio Solution File, Format Version 9.00
# Visual Studio 2005
Project("{FAE04EC0-301F-11D3-BF4B-00C04F79EFBC}") = "Administration", "RDB-test\Administration.csproj", "{FBBE62D4-BCDB-44B0-85A4-0399A1F21E75}"
EndProject
Global
	GlobalSection(SolutionConfigurationPlatforms) = preSolution
		Debug|Any CPU = Debug|Any CPU
		Release|Any CPU = Release|Any CPU
	EndGlobalSection
	GlobalSection(ProjectConfigurationPlatforms) = postSolution
		{FBBE62D4-BCDB-44B0-85A4-0399A1F21E75}.Debug|Any CPU.ActiveCfg = Debug|Any CPU
		{FBBE62D4-BCDB-44B0-85A4-0399A1F21E75}.Debug|Any CPU.Build.0 = Debug|Any CPU
		{FBBE62D4-BCDB-44B0-85A4-0399A1F21E75}.Release|Any CPU.ActiveCfg = Release|Any CPU
		{FBBE62D4-BCDB-44B0-85A4-0399A1F21E75}.Release|Any CPU.Build.0 = Release|Any CPU
	EndGlobalSection
	GlobalSection(SolutionProperties) = preSolution
		HideSolutionNode = FALSE
	EndGlobalSection
EndGlobal
