Microsoft Visual Studio Solution File, Format Version 8.00
Project("{FAE04EC0-301F-11D3-BF4B-00C04F79EFBC}") = "funstore", "http://localhost/funstore/funstore.csproj", "{82C8C425-99B8-4F81-BF12-6A1A60A6B609}"
	ProjectSection(ProjectDependencies) = postProject
	EndProjectSection
EndProject
Global
	GlobalSection(SolutionConfiguration) = preSolution
		Debug = Debug
		Release = Release
	EndGlobalSection
	GlobalSection(ProjectConfiguration) = postSolution
		{82C8C425-99B8-4F81-BF12-6A1A60A6B609}.Debug.ActiveCfg = Debug|.NET
		{82C8C425-99B8-4F81-BF12-6A1A60A6B609}.Debug.Build.0 = Debug|.NET
		{82C8C425-99B8-4F81-BF12-6A1A60A6B609}.Release.ActiveCfg = Release|.NET
		{82C8C425-99B8-4F81-BF12-6A1A60A6B609}.Release.Build.0 = Release|.NET
	EndGlobalSection
	GlobalSection(ExtensibilityGlobals) = postSolution
	EndGlobalSection
	GlobalSection(ExtensibilityAddIns) = postSolution
	EndGlobalSection
EndGlobal
