
Microsoft Visual Studio Solution File, Format Version 9.00
# Visual Studio 2005
Project("{FAE04EC0-301F-11D3-BF4B-00C04F79EFBC}") = "WindowsApplication5", "WindowsApplication5\WindowsApplication5.csproj", "{D2F8EF11-4E53-401D-A517-8346C723C18A}"
EndProject
Global
	GlobalSection(SolutionConfigurationPlatforms) = preSolution
		Debug|Any CPU = Debug|Any CPU
		Release|Any CPU = Release|Any CPU
	EndGlobalSection
	GlobalSection(ProjectConfigurationPlatforms) = postSolution
		{D2F8EF11-4E53-401D-A517-8346C723C18A}.Debug|Any CPU.ActiveCfg = Debug|Any CPU
		{D2F8EF11-4E53-401D-A517-8346C723C18A}.Debug|Any CPU.Build.0 = Debug|Any CPU
		{D2F8EF11-4E53-401D-A517-8346C723C18A}.Release|Any CPU.ActiveCfg = Release|Any CPU
		{D2F8EF11-4E53-401D-A517-8346C723C18A}.Release|Any CPU.Build.0 = Release|Any CPU
	EndGlobalSection
	GlobalSection(SolutionProperties) = preSolution
		HideSolutionNode = FALSE
	EndGlobalSection
EndGlobal
