
Microsoft Visual Studio Solution File, Format Version 9.00
# Visual Studio 2005
Project("{F184B08F-C81C-45F6-A57F-5ABD9991F28F}") = "ConsoleApplication2", "ConsoleApplication2\ConsoleApplication2.vbproj", "{698D1DB6-AD3B-446D-9A43-991EC206A2EF}"
EndProject
Global
	GlobalSection(SolutionConfigurationPlatforms) = preSolution
		Debug|Any CPU = Debug|Any CPU
		Release|Any CPU = Release|Any CPU
	EndGlobalSection
	GlobalSection(ProjectConfigurationPlatforms) = postSolution
		{698D1DB6-AD3B-446D-9A43-991EC206A2EF}.Debug|Any CPU.ActiveCfg = Debug|Any CPU
		{698D1DB6-AD3B-446D-9A43-991EC206A2EF}.Debug|Any CPU.Build.0 = Debug|Any CPU
		{698D1DB6-AD3B-446D-9A43-991EC206A2EF}.Release|Any CPU.ActiveCfg = Release|Any CPU
		{698D1DB6-AD3B-446D-9A43-991EC206A2EF}.Release|Any CPU.Build.0 = Release|Any CPU
	EndGlobalSection
	GlobalSection(SolutionProperties) = preSolution
		HideSolutionNode = FALSE
	EndGlobalSection
EndGlobal
