
Microsoft Visual Studio Solution File, Format Version 9.00
# Visual Studio 2005
Project("{FAE04EC0-301F-11D3-BF4B-00C04F79EFBC}") = "NetProg_Slides_test2", "NetProg_Slides_test2\NetProg_Slides_test2.csproj", "{ABE4C02C-8C2E-4DCC-9508-911C8A2C0940}"
EndProject
Global
	GlobalSection(SolutionConfigurationPlatforms) = preSolution
		Debug|Any CPU = Debug|Any CPU
		Release|Any CPU = Release|Any CPU
	EndGlobalSection
	GlobalSection(ProjectConfigurationPlatforms) = postSolution
		{ABE4C02C-8C2E-4DCC-9508-911C8A2C0940}.Debug|Any CPU.ActiveCfg = Debug|Any CPU
		{ABE4C02C-8C2E-4DCC-9508-911C8A2C0940}.Debug|Any CPU.Build.0 = Debug|Any CPU
		{ABE4C02C-8C2E-4DCC-9508-911C8A2C0940}.Release|Any CPU.ActiveCfg = Release|Any CPU
		{ABE4C02C-8C2E-4DCC-9508-911C8A2C0940}.Release|Any CPU.Build.0 = Release|Any CPU
	EndGlobalSection
	GlobalSection(SolutionProperties) = preSolution
		HideSolutionNode = FALSE
	EndGlobalSection
EndGlobal
