
Microsoft Visual Studio Solution File, Format Version 9.00
# Visual Studio 2005
Project("{FAE04EC0-301F-11D3-BF4B-00C04F79EFBC}") = "Form+flash", "Form+flash\Form+flash.csproj", "{E9FB57D7-A2F4-469C-B378-841BA0A069C4}"
EndProject
Project("{F184B08F-C81C-45F6-A57F-5ABD9991F28F}") = "ClassLibrary1", "ClassLibrary1\ClassLibrary1.vbproj", "{9426DF9B-9813-4FA4-96C7-B94EF09CC773}"
EndProject
Global
	GlobalSection(SolutionConfigurationPlatforms) = preSolution
		Debug|Any CPU = Debug|Any CPU
		Release|Any CPU = Release|Any CPU
	EndGlobalSection
	GlobalSection(ProjectConfigurationPlatforms) = postSolution
		{E9FB57D7-A2F4-469C-B378-841BA0A069C4}.Debug|Any CPU.ActiveCfg = Debug|Any CPU
		{E9FB57D7-A2F4-469C-B378-841BA0A069C4}.Debug|Any CPU.Build.0 = Debug|Any CPU
		{E9FB57D7-A2F4-469C-B378-841BA0A069C4}.Release|Any CPU.ActiveCfg = Release|Any CPU
		{E9FB57D7-A2F4-469C-B378-841BA0A069C4}.Release|Any CPU.Build.0 = Release|Any CPU
		{9426DF9B-9813-4FA4-96C7-B94EF09CC773}.Debug|Any CPU.ActiveCfg = Debug|Any CPU
		{9426DF9B-9813-4FA4-96C7-B94EF09CC773}.Debug|Any CPU.Build.0 = Debug|Any CPU
		{9426DF9B-9813-4FA4-96C7-B94EF09CC773}.Release|Any CPU.ActiveCfg = Release|Any CPU
		{9426DF9B-9813-4FA4-96C7-B94EF09CC773}.Release|Any CPU.Build.0 = Release|Any CPU
	EndGlobalSection
	GlobalSection(SolutionProperties) = preSolution
		HideSolutionNode = FALSE
	EndGlobalSection
EndGlobal
