
Microsoft Visual Studio Solution File, Format Version 9.00
# Visual Studio 2005
Project("{FAE04EC0-301F-11D3-BF4B-00C04F79EFBC}") = "Server+Asynchronous_test1", "Server+Asynchronous_test1\Server+Asynchronous_test1.csproj", "{C8C6C779-1630-43B6-B738-C99A62AD1F39}"
EndProject
Global
	GlobalSection(SolutionConfigurationPlatforms) = preSolution
		Debug|Any CPU = Debug|Any CPU
		Release|Any CPU = Release|Any CPU
	EndGlobalSection
	GlobalSection(ProjectConfigurationPlatforms) = postSolution
		{C8C6C779-1630-43B6-B738-C99A62AD1F39}.Debug|Any CPU.ActiveCfg = Debug|Any CPU
		{C8C6C779-1630-43B6-B738-C99A62AD1F39}.Debug|Any CPU.Build.0 = Debug|Any CPU
		{C8C6C779-1630-43B6-B738-C99A62AD1F39}.Release|Any CPU.ActiveCfg = Release|Any CPU
		{C8C6C779-1630-43B6-B738-C99A62AD1F39}.Release|Any CPU.Build.0 = Release|Any CPU
	EndGlobalSection
	GlobalSection(SolutionProperties) = preSolution
		HideSolutionNode = FALSE
	EndGlobalSection
EndGlobal
