
Microsoft Visual Studio Solution File, Format Version 9.00
# Visual Studio 2005
Project("{FAE04EC0-301F-11D3-BF4B-00C04F79EFBC}") = "ConsoleApplication3", "ConsoleApplication3\ConsoleApplication3.csproj", "{2296088B-3648-4AA8-8EF9-ADDEA5C3EA1C}"
EndProject
Global
	GlobalSection(SolutionConfigurationPlatforms) = preSolution
		Debug|Any CPU = Debug|Any CPU
		Release|Any CPU = Release|Any CPU
	EndGlobalSection
	GlobalSection(ProjectConfigurationPlatforms) = postSolution
		{2296088B-3648-4AA8-8EF9-ADDEA5C3EA1C}.Debug|Any CPU.ActiveCfg = Debug|Any CPU
		{2296088B-3648-4AA8-8EF9-ADDEA5C3EA1C}.Debug|Any CPU.Build.0 = Debug|Any CPU
		{2296088B-3648-4AA8-8EF9-ADDEA5C3EA1C}.Release|Any CPU.ActiveCfg = Release|Any CPU
		{2296088B-3648-4AA8-8EF9-ADDEA5C3EA1C}.Release|Any CPU.Build.0 = Release|Any CPU
	EndGlobalSection
	GlobalSection(SolutionProperties) = preSolution
		HideSolutionNode = FALSE
	EndGlobalSection
EndGlobal
