
Microsoft Visual Studio Solution File, Format Version 9.00
# Visual Studio 2005
Project("{FAE04EC0-301F-11D3-BF4B-00C04F79EFBC}") = "get_Screen_capture", "get_Screen_capture\get_Screen_capture.csproj", "{0F2F0159-4C05-4CD0-85B2-ACBFB41E341D}"
EndProject
Global
	GlobalSection(SolutionConfigurationPlatforms) = preSolution
		Debug|Any CPU = Debug|Any CPU
		Release|Any CPU = Release|Any CPU
	EndGlobalSection
	GlobalSection(ProjectConfigurationPlatforms) = postSolution
		{0F2F0159-4C05-4CD0-85B2-ACBFB41E341D}.Debug|Any CPU.ActiveCfg = Debug|Any CPU
		{0F2F0159-4C05-4CD0-85B2-ACBFB41E341D}.Debug|Any CPU.Build.0 = Debug|Any CPU
		{0F2F0159-4C05-4CD0-85B2-ACBFB41E341D}.Release|Any CPU.ActiveCfg = Release|Any CPU
		{0F2F0159-4C05-4CD0-85B2-ACBFB41E341D}.Release|Any CPU.Build.0 = Release|Any CPU
	EndGlobalSection
	GlobalSection(SolutionProperties) = preSolution
		HideSolutionNode = FALSE
	EndGlobalSection
EndGlobal
