
Microsoft Visual Studio Solution File, Format Version 9.00
# Visual Studio 2005
Project("{FAE04EC0-301F-11D3-BF4B-00C04F79EFBC}") = "Client_Asynchronous_Test1", "Client_Asynchronous_Test1\Client_Asynchronous_Test1.csproj", "{3A000D24-D249-495B-8C6E-D91BF00E5B67}"
EndProject
Global
	GlobalSection(SolutionConfigurationPlatforms) = preSolution
		Debug|Any CPU = Debug|Any CPU
		Release|Any CPU = Release|Any CPU
	EndGlobalSection
	GlobalSection(ProjectConfigurationPlatforms) = postSolution
		{3A000D24-D249-495B-8C6E-D91BF00E5B67}.Debug|Any CPU.ActiveCfg = Debug|Any CPU
		{3A000D24-D249-495B-8C6E-D91BF00E5B67}.Debug|Any CPU.Build.0 = Debug|Any CPU
		{3A000D24-D249-495B-8C6E-D91BF00E5B67}.Release|Any CPU.ActiveCfg = Release|Any CPU
		{3A000D24-D249-495B-8C6E-D91BF00E5B67}.Release|Any CPU.Build.0 = Release|Any CPU
	EndGlobalSection
	GlobalSection(SolutionProperties) = preSolution
		HideSolutionNode = FALSE
	EndGlobalSection
EndGlobal
