
Microsoft Visual Studio Solution File, Format Version 9.00
# Visual Studio 2005
Project("{FAE04EC0-301F-11D3-BF4B-00C04F79EFBC}") = "p_lancher", "p_lancher\p_lancher.csproj", "{0C8DDC97-7F3C-4EBE-840F-E3DF41FBD0AF}"
EndProject
Global
	GlobalSection(SolutionConfigurationPlatforms) = preSolution
		Debug|Any CPU = Debug|Any CPU
		Release|Any CPU = Release|Any CPU
	EndGlobalSection
	GlobalSection(ProjectConfigurationPlatforms) = postSolution
		{0C8DDC97-7F3C-4EBE-840F-E3DF41FBD0AF}.Debug|Any CPU.ActiveCfg = Debug|Any CPU
		{0C8DDC97-7F3C-4EBE-840F-E3DF41FBD0AF}.Debug|Any CPU.Build.0 = Debug|Any CPU
		{0C8DDC97-7F3C-4EBE-840F-E3DF41FBD0AF}.Release|Any CPU.ActiveCfg = Release|Any CPU
		{0C8DDC97-7F3C-4EBE-840F-E3DF41FBD0AF}.Release|Any CPU.Build.0 = Release|Any CPU
	EndGlobalSection
	GlobalSection(SolutionProperties) = preSolution
		HideSolutionNode = FALSE
	EndGlobalSection
EndGlobal
