
Microsoft Visual Studio Solution File, Format Version 9.00
# Visual Studio 2005
Project("{FAE04EC0-301F-11D3-BF4B-00C04F79EFBC}") = "Telnet_Client_win32", "Telnet_Client_win32\Telnet_Client_win32.csproj", "{88E092E3-A1EC-438C-B8C4-2A1B28AC449F}"
EndProject
Global
	GlobalSection(SolutionConfigurationPlatforms) = preSolution
		Debug|Any CPU = Debug|Any CPU
		Release|Any CPU = Release|Any CPU
	EndGlobalSection
	GlobalSection(ProjectConfigurationPlatforms) = postSolution
		{88E092E3-A1EC-438C-B8C4-2A1B28AC449F}.Debug|Any CPU.ActiveCfg = Debug|Any CPU
		{88E092E3-A1EC-438C-B8C4-2A1B28AC449F}.Debug|Any CPU.Build.0 = Debug|Any CPU
		{88E092E3-A1EC-438C-B8C4-2A1B28AC449F}.Release|Any CPU.ActiveCfg = Release|Any CPU
		{88E092E3-A1EC-438C-B8C4-2A1B28AC449F}.Release|Any CPU.Build.0 = Release|Any CPU
	EndGlobalSection
	GlobalSection(SolutionProperties) = preSolution
		HideSolutionNode = FALSE
	EndGlobalSection
EndGlobal
