
Microsoft Visual Studio Solution File, Format Version 9.00
# Visual C# Express 2005
Project("{FAE04EC0-301F-11D3-BF4B-00C04F79EFBC}") = "Typing", "Typing\Typing.csproj", "{7BB57D40-8A51-4D2A-A933-F6C0D39A9813}"
EndProject
Global
	GlobalSection(SolutionConfigurationPlatforms) = preSolution
		Debug|Any CPU = Debug|Any CPU
		Release|Any CPU = Release|Any CPU
	EndGlobalSection
	GlobalSection(ProjectConfigurationPlatforms) = postSolution
		{7BB57D40-8A51-4D2A-A933-F6C0D39A9813}.Debug|Any CPU.ActiveCfg = Debug|Any CPU
		{7BB57D40-8A51-4D2A-A933-F6C0D39A9813}.Debug|Any CPU.Build.0 = Debug|Any CPU
		{7BB57D40-8A51-4D2A-A933-F6C0D39A9813}.Release|Any CPU.ActiveCfg = Release|Any CPU
		{7BB57D40-8A51-4D2A-A933-F6C0D39A9813}.Release|Any CPU.Build.0 = Release|Any CPU
	EndGlobalSection
	GlobalSection(SolutionProperties) = preSolution
		HideSolutionNode = FALSE
	EndGlobalSection
EndGlobal
