Microsoft Visual Studio Solution File, Format Version 7.00
Project("{F184B08F-C81C-45F6-A57F-5ABD9991F28F}") = "AnotherTest", "AnotherTest.vbproj", "{F9233097-9158-400E-84AB-F784DF864DC5}"
EndProject
Project("{F184B08F-C81C-45F6-A57F-5ABD9991F28F}") = "MMM", "..\MMM\MMM.vbproj", "{1F58501F-3FBD-4D78-9435-44FEDE405AD3}"
EndProject
Global
	GlobalSection(SolutionConfiguration) = preSolution
		ConfigName.0 = Debug
		ConfigName.1 = Release
	EndGlobalSection
	GlobalSection(ProjectDependencies) = postSolution
	EndGlobalSection
	GlobalSection(ProjectConfiguration) = postSolution
		{F9233097-9158-400E-84AB-F784DF864DC5}.Debug.ActiveCfg = Debug|.NET
		{F9233097-9158-400E-84AB-F784DF864DC5}.Debug.Build.0 = Debug|.NET
		{F9233097-9158-400E-84AB-F784DF864DC5}.Release.ActiveCfg = Release|.NET
		{F9233097-9158-400E-84AB-F784DF864DC5}.Release.Build.0 = Release|.NET
		{1F58501F-3FBD-4D78-9435-44FEDE405AD3}.Debug.ActiveCfg = Debug|.NET
		{1F58501F-3FBD-4D78-9435-44FEDE405AD3}.Debug.Build.0 = Debug|.NET
		{1F58501F-3FBD-4D78-9435-44FEDE405AD3}.Release.ActiveCfg = Release|.NET
		{1F58501F-3FBD-4D78-9435-44FEDE405AD3}.Release.Build.0 = Release|.NET
	EndGlobalSection
	GlobalSection(ExtensibilityGlobals) = postSolution
	EndGlobalSection
	GlobalSection(ExtensibilityAddIns) = postSolution
	EndGlobalSection
EndGlobal
