Microsoft Visual Studio Solution File, Format Version 7.00
Project("{FAE04EC0-301F-11D3-BF4B-00C04F79EFBC}") = "Towers of Hanoi", "Towers of Hanoi.csproj", "{F021F267-9B06-4478-8C35-0A850324114D}"
EndProject
Global
	GlobalSection(SolutionConfiguration) = preSolution
		ConfigName.0 = Debug
		ConfigName.1 = Release
	EndGlobalSection
	GlobalSection(ProjectDependencies) = postSolution
	EndGlobalSection
	GlobalSection(ProjectConfiguration) = postSolution
		{F021F267-9B06-4478-8C35-0A850324114D}.Debug.ActiveCfg = Debug|.NET
		{F021F267-9B06-4478-8C35-0A850324114D}.Debug.Build.0 = Debug|.NET
		{F021F267-9B06-4478-8C35-0A850324114D}.Release.ActiveCfg = Release|.NET
		{F021F267-9B06-4478-8C35-0A850324114D}.Release.Build.0 = Release|.NET
	EndGlobalSection
	GlobalSection(ExtensibilityGlobals) = postSolution
	EndGlobalSection
	GlobalSection(ExtensibilityAddIns) = postSolution
	EndGlobalSection
EndGlobal
