
Microsoft Visual Studio Solution File, Format Version 9.00
# Visual Studio 2005
Project("{FAE04EC0-301F-11D3-BF4B-00C04F79EFBC}") = "Event_test1", "Event_test1\Event_test1.csproj", "{594CD2CB-5FC6-44CB-B69D-3CDE9677662F}"
EndProject
Global
	GlobalSection(SolutionConfigurationPlatforms) = preSolution
		Debug|Any CPU = Debug|Any CPU
		Release|Any CPU = Release|Any CPU
	EndGlobalSection
	GlobalSection(ProjectConfigurationPlatforms) = postSolution
		{594CD2CB-5FC6-44CB-B69D-3CDE9677662F}.Debug|Any CPU.ActiveCfg = Debug|Any CPU
		{594CD2CB-5FC6-44CB-B69D-3CDE9677662F}.Debug|Any CPU.Build.0 = Debug|Any CPU
		{594CD2CB-5FC6-44CB-B69D-3CDE9677662F}.Release|Any CPU.ActiveCfg = Release|Any CPU
		{594CD2CB-5FC6-44CB-B69D-3CDE9677662F}.Release|Any CPU.Build.0 = Release|Any CPU
	EndGlobalSection
	GlobalSection(SolutionProperties) = preSolution
		HideSolutionNode = FALSE
	EndGlobalSection
EndGlobal
