
Microsoft Visual Studio Solution File, Format Version 9.00
# Visual Studio 2005
Project("{FAE04EC0-301F-11D3-BF4B-00C04F79EFBC}") = "ftp_upload_class", "ftp_upload_class\ftp_upload_class.csproj", "{D4B633D2-2846-4952-87BB-8495054E226C}"
EndProject
Project("{FAE04EC0-301F-11D3-BF4B-00C04F79EFBC}") = "test1", "test1\test1.csproj", "{5200A8E5-F9FB-41A0-A394-0F11FA1471EC}"
EndProject
Global
	GlobalSection(SolutionConfigurationPlatforms) = preSolution
		Debug|Any CPU = Debug|Any CPU
		Release|Any CPU = Release|Any CPU
	EndGlobalSection
	GlobalSection(ProjectConfigurationPlatforms) = postSolution
		{D4B633D2-2846-4952-87BB-8495054E226C}.Debug|Any CPU.ActiveCfg = Debug|Any CPU
		{D4B633D2-2846-4952-87BB-8495054E226C}.Debug|Any CPU.Build.0 = Debug|Any CPU
		{D4B633D2-2846-4952-87BB-8495054E226C}.Release|Any CPU.ActiveCfg = Release|Any CPU
		{D4B633D2-2846-4952-87BB-8495054E226C}.Release|Any CPU.Build.0 = Release|Any CPU
		{5200A8E5-F9FB-41A0-A394-0F11FA1471EC}.Debug|Any CPU.ActiveCfg = Debug|Any CPU
		{5200A8E5-F9FB-41A0-A394-0F11FA1471EC}.Debug|Any CPU.Build.0 = Debug|Any CPU
		{5200A8E5-F9FB-41A0-A394-0F11FA1471EC}.Release|Any CPU.ActiveCfg = Release|Any CPU
		{5200A8E5-F9FB-41A0-A394-0F11FA1471EC}.Release|Any CPU.Build.0 = Release|Any CPU
	EndGlobalSection
	GlobalSection(SolutionProperties) = preSolution
		HideSolutionNode = FALSE
	EndGlobalSection
EndGlobal
