
Microsoft Visual Studio Solution File, Format Version 9.00
# Visual Studio 2005
Project("{8BC9CEB8-8B4A-11D0-8D11-00A0C91BC942}") = "CBTHook", "CBTHook.vcproj", "{7079428F-1EBA-4838-9B9F-5A167DABF3D4}"
EndProject
Project("{8BC9CEB8-8B4A-11D0-8D11-00A0C91BC942}") = "test", "test\test.vcproj", "{4F065C29-5CAB-42F8-97D5-BE27CD5E5D16}"
EndProject
Project("{8BC9CEB8-8B4A-11D0-8D11-00A0C91BC942}") = "testwnd", "testwnd\testwnd.vcproj", "{FAD1F718-712B-45CC-BC06-9CF7B46AAE35}"
EndProject
Global
	GlobalSection(SolutionConfigurationPlatforms) = preSolution
		Debug|Win32 = Debug|Win32
		Release|Win32 = Release|Win32
	EndGlobalSection
	GlobalSection(ProjectConfigurationPlatforms) = postSolution
		{7079428F-1EBA-4838-9B9F-5A167DABF3D4}.Debug|Win32.ActiveCfg = Debug|Win32
		{7079428F-1EBA-4838-9B9F-5A167DABF3D4}.Debug|Win32.Build.0 = Debug|Win32
		{7079428F-1EBA-4838-9B9F-5A167DABF3D4}.Release|Win32.ActiveCfg = Release|Win32
		{7079428F-1EBA-4838-9B9F-5A167DABF3D4}.Release|Win32.Build.0 = Release|Win32
		{4F065C29-5CAB-42F8-97D5-BE27CD5E5D16}.Debug|Win32.ActiveCfg = Debug|Win32
		{4F065C29-5CAB-42F8-97D5-BE27CD5E5D16}.Debug|Win32.Build.0 = Debug|Win32
		{4F065C29-5CAB-42F8-97D5-BE27CD5E5D16}.Release|Win32.ActiveCfg = Release|Win32
		{4F065C29-5CAB-42F8-97D5-BE27CD5E5D16}.Release|Win32.Build.0 = Release|Win32
		{FAD1F718-712B-45CC-BC06-9CF7B46AAE35}.Debug|Win32.ActiveCfg = Debug|Win32
		{FAD1F718-712B-45CC-BC06-9CF7B46AAE35}.Debug|Win32.Build.0 = Debug|Win32
		{FAD1F718-712B-45CC-BC06-9CF7B46AAE35}.Release|Win32.ActiveCfg = Release|Win32
		{FAD1F718-712B-45CC-BC06-9CF7B46AAE35}.Release|Win32.Build.0 = Release|Win32
	EndGlobalSection
	GlobalSection(SolutionProperties) = preSolution
		HideSolutionNode = FALSE
	EndGlobalSection
EndGlobal
