
Microsoft Visual Studio Solution File, Format Version 9.00
# Visual Studio 2005
Project("{FAE04EC0-301F-11D3-BF4B-00C04F79EFBC}") = "Desktop_Switcher2", "Desktop_Switcher2\Desktop_Switcher2.csproj", "{B167FF11-CD3B-46D6-91DA-18F5EF3CA83D}"
EndProject
Global
	GlobalSection(SolutionConfigurationPlatforms) = preSolution
		Debug|Any CPU = Debug|Any CPU
		Release|Any CPU = Release|Any CPU
	EndGlobalSection
	GlobalSection(ProjectConfigurationPlatforms) = postSolution
		{B167FF11-CD3B-46D6-91DA-18F5EF3CA83D}.Debug|Any CPU.ActiveCfg = Debug|Any CPU
		{B167FF11-CD3B-46D6-91DA-18F5EF3CA83D}.Debug|Any CPU.Build.0 = Debug|Any CPU
		{B167FF11-CD3B-46D6-91DA-18F5EF3CA83D}.Release|Any CPU.ActiveCfg = Release|Any CPU
		{B167FF11-CD3B-46D6-91DA-18F5EF3CA83D}.Release|Any CPU.Build.0 = Release|Any CPU
	EndGlobalSection
	GlobalSection(SolutionProperties) = preSolution
		HideSolutionNode = FALSE
	EndGlobalSection
EndGlobal
