
Microsoft Visual Studio Solution File, Format Version 9.00
# Visual Studio 2005
Project("{FAE04EC0-301F-11D3-BF4B-00C04F79EFBC}") = "HostToNetworkOrder1", "HostToNetworkOrder1\HostToNetworkOrder1.csproj", "{AFA2078B-D73B-40EE-A2CE-F94A5530E8BF}"
EndProject
Global
	GlobalSection(SolutionConfigurationPlatforms) = preSolution
		Debug|Any CPU = Debug|Any CPU
		Release|Any CPU = Release|Any CPU
	EndGlobalSection
	GlobalSection(ProjectConfigurationPlatforms) = postSolution
		{AFA2078B-D73B-40EE-A2CE-F94A5530E8BF}.Debug|Any CPU.ActiveCfg = Debug|Any CPU
		{AFA2078B-D73B-40EE-A2CE-F94A5530E8BF}.Debug|Any CPU.Build.0 = Debug|Any CPU
		{AFA2078B-D73B-40EE-A2CE-F94A5530E8BF}.Release|Any CPU.ActiveCfg = Release|Any CPU
		{AFA2078B-D73B-40EE-A2CE-F94A5530E8BF}.Release|Any CPU.Build.0 = Release|Any CPU
	EndGlobalSection
	GlobalSection(SolutionProperties) = preSolution
		HideSolutionNode = FALSE
	EndGlobalSection
EndGlobal
