Microsoft Visual Studio Solution File, Format Version 8.00
Project("{FAE04EC0-301F-11D3-BF4B-00C04F79EFBC}") = "CustomLabelControl", "CustomLabelControl.csproj", "{4B60D703-3709-4321-8E52-5FDE94046395}"
	ProjectSection(ProjectDependencies) = postProject
	EndProjectSection
EndProject
Project("{FAE04EC0-301F-11D3-BF4B-00C04F79EFBC}") = "CustomLabelTest", "..\CustomLabelTest\CustomLabelTest.csproj", "{DF2D0A55-1B39-4016-8CE1-BAB423012FAF}"
	ProjectSection(ProjectDependencies) = postProject
	EndProjectSection
EndProject
Global
	GlobalSection(SolutionConfiguration) = preSolution
		Debug = Debug
		Release = Release
	EndGlobalSection
	GlobalSection(ProjectConfiguration) = postSolution
		{4B60D703-3709-4321-8E52-5FDE94046395}.Debug.ActiveCfg = Debug|.NET
		{4B60D703-3709-4321-8E52-5FDE94046395}.Debug.Build.0 = Debug|.NET
		{4B60D703-3709-4321-8E52-5FDE94046395}.Release.ActiveCfg = Release|.NET
		{4B60D703-3709-4321-8E52-5FDE94046395}.Release.Build.0 = Release|.NET
		{DF2D0A55-1B39-4016-8CE1-BAB423012FAF}.Debug.ActiveCfg = Debug|.NET
		{DF2D0A55-1B39-4016-8CE1-BAB423012FAF}.Debug.Build.0 = Debug|.NET
		{DF2D0A55-1B39-4016-8CE1-BAB423012FAF}.Release.ActiveCfg = Release|.NET
		{DF2D0A55-1B39-4016-8CE1-BAB423012FAF}.Release.Build.0 = Release|.NET
	EndGlobalSection
	GlobalSection(ExtensibilityGlobals) = postSolution
	EndGlobalSection
	GlobalSection(ExtensibilityAddIns) = postSolution
	EndGlobalSection
EndGlobal
