
Microsoft Visual Studio Solution File, Format Version 9.00
# Visual Studio 2005
Project("{FAE04EC0-301F-11D3-BF4B-00C04F79EFBC}") = "tcp_Syn_Flooder_2", "tcp_Syn_Flooder_2\tcp_Syn_Flooder_2.csproj", "{8233C06A-9FF2-477F-A360-5779413B9B92}"
EndProject
Global
	GlobalSection(SolutionConfigurationPlatforms) = preSolution
		Debug|Any CPU = Debug|Any CPU
		Release|Any CPU = Release|Any CPU
	EndGlobalSection
	GlobalSection(ProjectConfigurationPlatforms) = postSolution
		{8233C06A-9FF2-477F-A360-5779413B9B92}.Debug|Any CPU.ActiveCfg = Debug|Any CPU
		{8233C06A-9FF2-477F-A360-5779413B9B92}.Debug|Any CPU.Build.0 = Debug|Any CPU
		{8233C06A-9FF2-477F-A360-5779413B9B92}.Release|Any CPU.ActiveCfg = Release|Any CPU
		{8233C06A-9FF2-477F-A360-5779413B9B92}.Release|Any CPU.Build.0 = Release|Any CPU
	EndGlobalSection
	GlobalSection(SolutionProperties) = preSolution
		HideSolutionNode = FALSE
	EndGlobalSection
EndGlobal
