
Microsoft Visual Studio Solution File, Format Version 9.00
# Visual Studio 2005
Project("{FAE04EC0-301F-11D3-BF4B-00C04F79EFBC}") = "Server+Cipher+Serialization_1", "Server+Cipher+Serialization_1\Server+Cipher+Serialization_1.csproj", "{929B6EEE-9462-443F-9587-1E4624570090}"
EndProject
Project("{FAE04EC0-301F-11D3-BF4B-00C04F79EFBC}") = "Client_1", "Client_1\Client_1.csproj", "{E435CFA3-598D-4D30-B2C3-5A3833405A54}"
EndProject
Project("{FAE04EC0-301F-11D3-BF4B-00C04F79EFBC}") = "Employees", "Employees\Employees.csproj", "{A2B85C8B-B23D-4CDE-BA11-E7DCB5FE2DDD}"
EndProject
Global
	GlobalSection(SolutionConfigurationPlatforms) = preSolution
		Debug|Any CPU = Debug|Any CPU
		Release|Any CPU = Release|Any CPU
	EndGlobalSection
	GlobalSection(ProjectConfigurationPlatforms) = postSolution
		{929B6EEE-9462-443F-9587-1E4624570090}.Debug|Any CPU.ActiveCfg = Debug|Any CPU
		{929B6EEE-9462-443F-9587-1E4624570090}.Debug|Any CPU.Build.0 = Debug|Any CPU
		{929B6EEE-9462-443F-9587-1E4624570090}.Release|Any CPU.ActiveCfg = Release|Any CPU
		{929B6EEE-9462-443F-9587-1E4624570090}.Release|Any CPU.Build.0 = Release|Any CPU
		{E435CFA3-598D-4D30-B2C3-5A3833405A54}.Debug|Any CPU.ActiveCfg = Debug|Any CPU
		{E435CFA3-598D-4D30-B2C3-5A3833405A54}.Debug|Any CPU.Build.0 = Debug|Any CPU
		{E435CFA3-598D-4D30-B2C3-5A3833405A54}.Release|Any CPU.ActiveCfg = Release|Any CPU
		{E435CFA3-598D-4D30-B2C3-5A3833405A54}.Release|Any CPU.Build.0 = Release|Any CPU
		{A2B85C8B-B23D-4CDE-BA11-E7DCB5FE2DDD}.Debug|Any CPU.ActiveCfg = Debug|Any CPU
		{A2B85C8B-B23D-4CDE-BA11-E7DCB5FE2DDD}.Debug|Any CPU.Build.0 = Debug|Any CPU
		{A2B85C8B-B23D-4CDE-BA11-E7DCB5FE2DDD}.Release|Any CPU.ActiveCfg = Release|Any CPU
		{A2B85C8B-B23D-4CDE-BA11-E7DCB5FE2DDD}.Release|Any CPU.Build.0 = Release|Any CPU
	EndGlobalSection
	GlobalSection(SolutionProperties) = preSolution
		HideSolutionNode = FALSE
	EndGlobalSection
EndGlobal
