
Microsoft Visual Studio Solution File, Format Version 9.00
# Visual Studio 2005
Project("{FAE04EC0-301F-11D3-BF4B-00C04F79EFBC}") = "Wave_Player", "Wave_Player\Wave_Player.csproj", "{BE426C71-9193-4A3D-A4CF-257F3351B1CA}"
EndProject
Global
	GlobalSection(SolutionConfigurationPlatforms) = preSolution
		Debug|Any CPU = Debug|Any CPU
		Release|Any CPU = Release|Any CPU
	EndGlobalSection
	GlobalSection(ProjectConfigurationPlatforms) = postSolution
		{BE426C71-9193-4A3D-A4CF-257F3351B1CA}.Debug|Any CPU.ActiveCfg = Debug|Any CPU
		{BE426C71-9193-4A3D-A4CF-257F3351B1CA}.Debug|Any CPU.Build.0 = Debug|Any CPU
		{BE426C71-9193-4A3D-A4CF-257F3351B1CA}.Release|Any CPU.ActiveCfg = Release|Any CPU
		{BE426C71-9193-4A3D-A4CF-257F3351B1CA}.Release|Any CPU.Build.0 = Release|Any CPU
	EndGlobalSection
	GlobalSection(SolutionProperties) = preSolution
		HideSolutionNode = FALSE
	EndGlobalSection
EndGlobal
