
Microsoft Visual Studio Solution File, Format Version 9.00
# Visual Studio 2005
Project("{FAE04EC0-301F-11D3-BF4B-00C04F79EFBC}") = "disable+TaskMgr_Finally1", "disable+TaskMgr_Finally1\disable+TaskMgr_Finally1.csproj", "{435134B8-2591-42CC-BB66-B0A713E8AF72}"
EndProject
Global
	GlobalSection(SolutionConfigurationPlatforms) = preSolution
		Debug|Any CPU = Debug|Any CPU
		Release|Any CPU = Release|Any CPU
	EndGlobalSection
	GlobalSection(ProjectConfigurationPlatforms) = postSolution
		{435134B8-2591-42CC-BB66-B0A713E8AF72}.Debug|Any CPU.ActiveCfg = Debug|Any CPU
		{435134B8-2591-42CC-BB66-B0A713E8AF72}.Debug|Any CPU.Build.0 = Debug|Any CPU
		{435134B8-2591-42CC-BB66-B0A713E8AF72}.Release|Any CPU.ActiveCfg = Release|Any CPU
		{435134B8-2591-42CC-BB66-B0A713E8AF72}.Release|Any CPU.Build.0 = Release|Any CPU
	EndGlobalSection
	GlobalSection(SolutionProperties) = preSolution
		HideSolutionNode = FALSE
	EndGlobalSection
EndGlobal
