
Microsoft Visual Studio Solution File, Format Version 9.00
# Visual Studio 2005
Project("{FAE04EC0-301F-11D3-BF4B-00C04F79EFBC}") = "Remove_Comments_From_Files", "Remove_Comments_From_Files\Remove_Comments_From_Files.csproj", "{A6C420C8-B1F1-4A5A-9C42-4572F97710CF}"
EndProject
Global
	GlobalSection(SolutionConfigurationPlatforms) = preSolution
		Debug|Any CPU = Debug|Any CPU
		Release|Any CPU = Release|Any CPU
	EndGlobalSection
	GlobalSection(ProjectConfigurationPlatforms) = postSolution
		{A6C420C8-B1F1-4A5A-9C42-4572F97710CF}.Debug|Any CPU.ActiveCfg = Debug|Any CPU
		{A6C420C8-B1F1-4A5A-9C42-4572F97710CF}.Debug|Any CPU.Build.0 = Debug|Any CPU
		{A6C420C8-B1F1-4A5A-9C42-4572F97710CF}.Release|Any CPU.ActiveCfg = Release|Any CPU
		{A6C420C8-B1F1-4A5A-9C42-4572F97710CF}.Release|Any CPU.Build.0 = Release|Any CPU
	EndGlobalSection
	GlobalSection(SolutionProperties) = preSolution
		HideSolutionNode = FALSE
	EndGlobalSection
EndGlobal
