
Microsoft Visual Studio Solution File, Format Version 9.00
# Visual Studio 2005
Project("{FAE04EC0-301F-11D3-BF4B-00C04F79EFBC}") = "SearchForFiles1", "SearchForFiles1\SearchForFiles1.csproj", "{2DA9797A-4942-4A69-8DD9-3B19D095177C}"
EndProject
Global
	GlobalSection(SolutionConfigurationPlatforms) = preSolution
		Debug|Any CPU = Debug|Any CPU
		Release|Any CPU = Release|Any CPU
	EndGlobalSection
	GlobalSection(ProjectConfigurationPlatforms) = postSolution
		{2DA9797A-4942-4A69-8DD9-3B19D095177C}.Debug|Any CPU.ActiveCfg = Debug|Any CPU
		{2DA9797A-4942-4A69-8DD9-3B19D095177C}.Debug|Any CPU.Build.0 = Debug|Any CPU
		{2DA9797A-4942-4A69-8DD9-3B19D095177C}.Release|Any CPU.ActiveCfg = Release|Any CPU
		{2DA9797A-4942-4A69-8DD9-3B19D095177C}.Release|Any CPU.Build.0 = Release|Any CPU
	EndGlobalSection
	GlobalSection(SolutionProperties) = preSolution
		HideSolutionNode = FALSE
	EndGlobalSection
EndGlobal
