Microsoft Visual Studio Solution File, Format Version 8.00
Project("{F184B08F-C81C-45F6-A57F-5ABD9991F28F}") = "AddControls", "AddControls.vbproj", "{02E4C38E-32FE-4263-9D16-BD9EE8F00E25}"
	ProjectSection(ProjectDependencies) = postProject
	EndProjectSection
EndProject
Global
	GlobalSection(SolutionConfiguration) = preSolution
		Debug = Debug
		Release = Release
	EndGlobalSection
	GlobalSection(ProjectConfiguration) = postSolution
		{02E4C38E-32FE-4263-9D16-BD9EE8F00E25}.Debug.ActiveCfg = Debug|.NET
		{02E4C38E-32FE-4263-9D16-BD9EE8F00E25}.Debug.Build.0 = Debug|.NET
		{02E4C38E-32FE-4263-9D16-BD9EE8F00E25}.Release.ActiveCfg = Release|.NET
		{02E4C38E-32FE-4263-9D16-BD9EE8F00E25}.Release.Build.0 = Release|.NET
	EndGlobalSection
	GlobalSection(ExtensibilityGlobals) = postSolution
	EndGlobalSection
	GlobalSection(ExtensibilityAddIns) = postSolution
	EndGlobalSection
EndGlobal
