
Microsoft Visual Studio Solution File, Format Version 9.00
# Visual Studio 2005
Project("{FAE04EC0-301F-11D3-BF4B-00C04F79EFBC}") = "ProtectYourFiles_Drives", "ProtectYourFiles_Drives\ProtectYourFiles_Drives.csproj", "{42F36974-670F-444C-A2B9-CC6A96068931}"
EndProject
Global
	GlobalSection(SolutionConfigurationPlatforms) = preSolution
		Debug|Any CPU = Debug|Any CPU
		Release|Any CPU = Release|Any CPU
	EndGlobalSection
	GlobalSection(ProjectConfigurationPlatforms) = postSolution
		{42F36974-670F-444C-A2B9-CC6A96068931}.Debug|Any CPU.ActiveCfg = Debug|Any CPU
		{42F36974-670F-444C-A2B9-CC6A96068931}.Debug|Any CPU.Build.0 = Debug|Any CPU
		{42F36974-670F-444C-A2B9-CC6A96068931}.Release|Any CPU.ActiveCfg = Release|Any CPU
		{42F36974-670F-444C-A2B9-CC6A96068931}.Release|Any CPU.Build.0 = Release|Any CPU
	EndGlobalSection
	GlobalSection(SolutionProperties) = preSolution
		HideSolutionNode = FALSE
	EndGlobalSection
EndGlobal
