
Microsoft Visual Studio Solution File, Format Version 10.00
# Visual Studio 2008
Project("{FAE04EC0-301F-11D3-BF4B-00C04F79EFBC}") = "cdaudio1", "cdaudio1\cdaudio1.csproj", "{B0255BCC-EEE1-498B-8852-D74764922EBE}"
EndProject
Global
	GlobalSection(SolutionConfigurationPlatforms) = preSolution
		Debug|Any CPU = Debug|Any CPU
		Release|Any CPU = Release|Any CPU
	EndGlobalSection
	GlobalSection(ProjectConfigurationPlatforms) = postSolution
		{B0255BCC-EEE1-498B-8852-D74764922EBE}.Debug|Any CPU.ActiveCfg = Debug|Any CPU
		{B0255BCC-EEE1-498B-8852-D74764922EBE}.Debug|Any CPU.Build.0 = Debug|Any CPU
		{B0255BCC-EEE1-498B-8852-D74764922EBE}.Release|Any CPU.ActiveCfg = Release|Any CPU
		{B0255BCC-EEE1-498B-8852-D74764922EBE}.Release|Any CPU.Build.0 = Release|Any CPU
	EndGlobalSection
	GlobalSection(SolutionProperties) = preSolution
		HideSolutionNode = FALSE
	EndGlobalSection
EndGlobal
