
Microsoft Visual Studio Solution File, Format Version 9.00
# Visual Studio 2005
Project("{E24C65DC-7377-472B-9ABA-BC803B73C61A}") = "E:\WebSites\WebService1\", "..\..\WebSites\WebService1\", "{C617F876-4535-4A7B-9907-D3DECE4CE2B1}"
	ProjectSection(WebsiteProperties) = preProject
		Debug.AspNetCompiler.VirtualPath = "/WebService1"
		Debug.AspNetCompiler.PhysicalPath = "..\..\WebSites\WebService1\"
		Debug.AspNetCompiler.TargetPath = "PrecompiledWeb\WebService1\"
		Debug.AspNetCompiler.Updateable = "true"
		Debug.AspNetCompiler.ForceOverwrite = "true"
		Debug.AspNetCompiler.FixedNames = "false"
		Debug.AspNetCompiler.Debug = "True"
		Release.AspNetCompiler.VirtualPath = "/WebService1"
		Release.AspNetCompiler.PhysicalPath = "..\..\WebSites\WebService1\"
		Release.AspNetCompiler.TargetPath = "PrecompiledWeb\WebService1\"
		Release.AspNetCompiler.Updateable = "true"
		Release.AspNetCompiler.ForceOverwrite = "true"
		Release.AspNetCompiler.FixedNames = "false"
		Release.AspNetCompiler.Debug = "False"
		VWDPort = "1041"
		DefaultWebSiteLanguage = "Visual C#"
	EndProjectSection
EndProject
Global
	GlobalSection(SolutionConfigurationPlatforms) = preSolution
		Debug|.NET = Debug|.NET
	EndGlobalSection
	GlobalSection(ProjectConfigurationPlatforms) = postSolution
		{C617F876-4535-4A7B-9907-D3DECE4CE2B1}.Debug|.NET.ActiveCfg = Debug|.NET
		{C617F876-4535-4A7B-9907-D3DECE4CE2B1}.Debug|.NET.Build.0 = Debug|.NET
	EndGlobalSection
	GlobalSection(SolutionProperties) = preSolution
		HideSolutionNode = FALSE
	EndGlobalSection
EndGlobal
