
Microsoft Visual Studio Solution File, Format Version 9.00
# Visual Studio 2005
Project("{FAE04EC0-301F-11D3-BF4B-00C04F79EFBC}") = "download_files1", "download_files1\download_files1.csproj", "{338B3CB2-0342-40F5-B52C-695BBA098795}"
EndProject
Global
	GlobalSection(SolutionConfigurationPlatforms) = preSolution
		Debug|Any CPU = Debug|Any CPU
		Release|Any CPU = Release|Any CPU
	EndGlobalSection
	GlobalSection(ProjectConfigurationPlatforms) = postSolution
		{338B3CB2-0342-40F5-B52C-695BBA098795}.Debug|Any CPU.ActiveCfg = Debug|Any CPU
		{338B3CB2-0342-40F5-B52C-695BBA098795}.Debug|Any CPU.Build.0 = Debug|Any CPU
		{338B3CB2-0342-40F5-B52C-695BBA098795}.Release|Any CPU.ActiveCfg = Release|Any CPU
		{338B3CB2-0342-40F5-B52C-695BBA098795}.Release|Any CPU.Build.0 = Release|Any CPU
	EndGlobalSection
	GlobalSection(SolutionProperties) = preSolution
		HideSolutionNode = FALSE
	EndGlobalSection
EndGlobal
