
Microsoft Visual Studio Solution File, Format Version 9.00
# Visual Studio 2005
Project("{FAE04EC0-301F-11D3-BF4B-00C04F79EFBC}") = "ConsoleApplication9", "ConsoleApplication9\ConsoleApplication9.csproj", "{C053F223-3485-477F-B9AC-27810EA8E3A1}"
EndProject
Global
	GlobalSection(SolutionConfigurationPlatforms) = preSolution
		Debug|Any CPU = Debug|Any CPU
		Release|Any CPU = Release|Any CPU
	EndGlobalSection
	GlobalSection(ProjectConfigurationPlatforms) = postSolution
		{C053F223-3485-477F-B9AC-27810EA8E3A1}.Debug|Any CPU.ActiveCfg = Debug|Any CPU
		{C053F223-3485-477F-B9AC-27810EA8E3A1}.Debug|Any CPU.Build.0 = Debug|Any CPU
		{C053F223-3485-477F-B9AC-27810EA8E3A1}.Release|Any CPU.ActiveCfg = Release|Any CPU
		{C053F223-3485-477F-B9AC-27810EA8E3A1}.Release|Any CPU.Build.0 = Release|Any CPU
	EndGlobalSection
	GlobalSection(SolutionProperties) = preSolution
		HideSolutionNode = FALSE
	EndGlobalSection
EndGlobal
