
Microsoft Visual Studio Solution File, Format Version 9.00
# Visual Studio 2005
Project("{FAE04EC0-301F-11D3-BF4B-00C04F79EFBC}") = "Cient_Shutdown_Socket_Test", "Cient_Shutdown_Socket_Test\Cient_Shutdown_Socket_Test.csproj", "{5274566A-7129-44DF-8E9E-CD08D523444D}"
EndProject
Global
	GlobalSection(SolutionConfigurationPlatforms) = preSolution
		Debug|Any CPU = Debug|Any CPU
		Release|Any CPU = Release|Any CPU
	EndGlobalSection
	GlobalSection(ProjectConfigurationPlatforms) = postSolution
		{5274566A-7129-44DF-8E9E-CD08D523444D}.Debug|Any CPU.ActiveCfg = Debug|Any CPU
		{5274566A-7129-44DF-8E9E-CD08D523444D}.Debug|Any CPU.Build.0 = Debug|Any CPU
		{5274566A-7129-44DF-8E9E-CD08D523444D}.Release|Any CPU.ActiveCfg = Release|Any CPU
		{5274566A-7129-44DF-8E9E-CD08D523444D}.Release|Any CPU.Build.0 = Release|Any CPU
	EndGlobalSection
	GlobalSection(SolutionProperties) = preSolution
		HideSolutionNode = FALSE
	EndGlobalSection
EndGlobal
