
Microsoft Visual Studio Solution File, Format Version 9.00
# Visual Studio 2005
Project("{FAE04EC0-301F-11D3-BF4B-00C04F79EFBC}") = "ConsoleApplication2", "ConsoleApplication2\ConsoleApplication2.csproj", "{596D6AED-404B-414B-94AD-35573B2B106E}"
EndProject
Global
	GlobalSection(SolutionConfigurationPlatforms) = preSolution
		Debug|Any CPU = Debug|Any CPU
		Release|Any CPU = Release|Any CPU
	EndGlobalSection
	GlobalSection(ProjectConfigurationPlatforms) = postSolution
		{596D6AED-404B-414B-94AD-35573B2B106E}.Debug|Any CPU.ActiveCfg = Debug|Any CPU
		{596D6AED-404B-414B-94AD-35573B2B106E}.Debug|Any CPU.Build.0 = Debug|Any CPU
		{596D6AED-404B-414B-94AD-35573B2B106E}.Release|Any CPU.ActiveCfg = Release|Any CPU
		{596D6AED-404B-414B-94AD-35573B2B106E}.Release|Any CPU.Build.0 = Release|Any CPU
	EndGlobalSection
	GlobalSection(SolutionProperties) = preSolution
		HideSolutionNode = FALSE
	EndGlobalSection
EndGlobal
