
Microsoft Visual Studio Solution File, Format Version 9.00
# Visual Studio 2005
Project("{FAE04EC0-301F-11D3-BF4B-00C04F79EFBC}") = "Skin_detection_Via_Hue", "Skin_detection_Via_Hue\Skin_detection_Via_Hue.csproj", "{1C6CE95C-EAE0-47BE-A942-593BB6D83617}"
EndProject
Global
	GlobalSection(SolutionConfigurationPlatforms) = preSolution
		Debug|Any CPU = Debug|Any CPU
		Release|Any CPU = Release|Any CPU
	EndGlobalSection
	GlobalSection(ProjectConfigurationPlatforms) = postSolution
		{1C6CE95C-EAE0-47BE-A942-593BB6D83617}.Debug|Any CPU.ActiveCfg = Debug|Any CPU
		{1C6CE95C-EAE0-47BE-A942-593BB6D83617}.Debug|Any CPU.Build.0 = Debug|Any CPU
		{1C6CE95C-EAE0-47BE-A942-593BB6D83617}.Release|Any CPU.ActiveCfg = Release|Any CPU
		{1C6CE95C-EAE0-47BE-A942-593BB6D83617}.Release|Any CPU.Build.0 = Release|Any CPU
	EndGlobalSection
	GlobalSection(SolutionProperties) = preSolution
		HideSolutionNode = FALSE
	EndGlobalSection
EndGlobal
