Microsoft Visual Studio Solution File, Format Version 8.00
Project("{F184B08F-C81C-45F6-A57F-5ABD9991F28F}") = "storeANDretrieveImages", "storeANDretrieveImages.vbproj", "{529E4BFF-B87E-4D53-B007-9003CC09A5B3}"
	ProjectSection(ProjectDependencies) = postProject
	EndProjectSection
EndProject
Global
	GlobalSection(SolutionConfiguration) = preSolution
		Debug = Debug
		Release = Release
	EndGlobalSection
	GlobalSection(ProjectConfiguration) = postSolution
		{529E4BFF-B87E-4D53-B007-9003CC09A5B3}.Debug.ActiveCfg = Debug|.NET
		{529E4BFF-B87E-4D53-B007-9003CC09A5B3}.Debug.Build.0 = Debug|.NET
		{529E4BFF-B87E-4D53-B007-9003CC09A5B3}.Release.ActiveCfg = Release|.NET
		{529E4BFF-B87E-4D53-B007-9003CC09A5B3}.Release.Build.0 = Release|.NET
	EndGlobalSection
	GlobalSection(ExtensibilityGlobals) = postSolution
	EndGlobalSection
	GlobalSection(ExtensibilityAddIns) = postSolution
	EndGlobalSection
EndGlobal
