
Microsoft Visual Studio Solution File, Format Version 9.00
# Visual Studio 2005
Project("{FAE04EC0-301F-11D3-BF4B-00C04F79EFBC}") = "Send_Custom_Message", "Send_Custom_Message\Send_Custom_Message.csproj", "{9C199272-9AB8-44CD-9523-AE9CAFD80009}"
EndProject
Global
	GlobalSection(SolutionConfigurationPlatforms) = preSolution
		Debug|Any CPU = Debug|Any CPU
		Release|Any CPU = Release|Any CPU
	EndGlobalSection
	GlobalSection(ProjectConfigurationPlatforms) = postSolution
		{9C199272-9AB8-44CD-9523-AE9CAFD80009}.Debug|Any CPU.ActiveCfg = Debug|Any CPU
		{9C199272-9AB8-44CD-9523-AE9CAFD80009}.Debug|Any CPU.Build.0 = Debug|Any CPU
		{9C199272-9AB8-44CD-9523-AE9CAFD80009}.Release|Any CPU.ActiveCfg = Release|Any CPU
		{9C199272-9AB8-44CD-9523-AE9CAFD80009}.Release|Any CPU.Build.0 = Release|Any CPU
	EndGlobalSection
	GlobalSection(SolutionProperties) = preSolution
		HideSolutionNode = FALSE
	EndGlobalSection
EndGlobal
