
Microsoft Visual Studio Solution File, Format Version 9.00
# Visual Studio 2005
Project("{FAE04EC0-301F-11D3-BF4B-00C04F79EFBC}") = "MouseWheel_Test1", "MouseWheel_Test1\MouseWheel_Test1.csproj", "{A535A426-D0C7-4941-8385-B71610699C70}"
EndProject
Global
	GlobalSection(SolutionConfigurationPlatforms) = preSolution
		Debug|Any CPU = Debug|Any CPU
		Release|Any CPU = Release|Any CPU
	EndGlobalSection
	GlobalSection(ProjectConfigurationPlatforms) = postSolution
		{A535A426-D0C7-4941-8385-B71610699C70}.Debug|Any CPU.ActiveCfg = Debug|Any CPU
		{A535A426-D0C7-4941-8385-B71610699C70}.Debug|Any CPU.Build.0 = Debug|Any CPU
		{A535A426-D0C7-4941-8385-B71610699C70}.Release|Any CPU.ActiveCfg = Release|Any CPU
		{A535A426-D0C7-4941-8385-B71610699C70}.Release|Any CPU.Build.0 = Release|Any CPU
	EndGlobalSection
	GlobalSection(SolutionProperties) = preSolution
		HideSolutionNode = FALSE
	EndGlobalSection
EndGlobal
