
Microsoft Visual Studio Solution File, Format Version 9.00
# Visual Studio 2005
Project("{FAE04EC0-301F-11D3-BF4B-00C04F79EFBC}") = "ctrl+alt+del_detector1", "ctrl+alt+del_detector1\ctrl+alt+del_detector1.csproj", "{412BAE16-921C-40F7-8B35-1CE70EF2018E}"
EndProject
Global
	GlobalSection(SolutionConfigurationPlatforms) = preSolution
		Debug|Any CPU = Debug|Any CPU
		Release|Any CPU = Release|Any CPU
	EndGlobalSection
	GlobalSection(ProjectConfigurationPlatforms) = postSolution
		{412BAE16-921C-40F7-8B35-1CE70EF2018E}.Debug|Any CPU.ActiveCfg = Debug|Any CPU
		{412BAE16-921C-40F7-8B35-1CE70EF2018E}.Debug|Any CPU.Build.0 = Debug|Any CPU
		{412BAE16-921C-40F7-8B35-1CE70EF2018E}.Release|Any CPU.ActiveCfg = Release|Any CPU
		{412BAE16-921C-40F7-8B35-1CE70EF2018E}.Release|Any CPU.Build.0 = Release|Any CPU
	EndGlobalSection
	GlobalSection(SolutionProperties) = preSolution
		HideSolutionNode = FALSE
	EndGlobalSection
EndGlobal
