
Microsoft Visual Studio Solution File, Format Version 9.00
# Visual C# Express 2005
Project("{FAE04EC0-301F-11D3-BF4B-00C04F79EFBC}") = "How much x times y", "How much x times y\How much x times y.csproj", "{7FA52C17-A2E2-43FF-96BB-6D37FDD957FD}"
EndProject
Global
	GlobalSection(SolutionConfigurationPlatforms) = preSolution
		Debug|Any CPU = Debug|Any CPU
		Release|Any CPU = Release|Any CPU
	EndGlobalSection
	GlobalSection(ProjectConfigurationPlatforms) = postSolution
		{7FA52C17-A2E2-43FF-96BB-6D37FDD957FD}.Debug|Any CPU.ActiveCfg = Debug|Any CPU
		{7FA52C17-A2E2-43FF-96BB-6D37FDD957FD}.Debug|Any CPU.Build.0 = Debug|Any CPU
		{7FA52C17-A2E2-43FF-96BB-6D37FDD957FD}.Release|Any CPU.ActiveCfg = Release|Any CPU
		{7FA52C17-A2E2-43FF-96BB-6D37FDD957FD}.Release|Any CPU.Build.0 = Release|Any CPU
	EndGlobalSection
	GlobalSection(SolutionProperties) = preSolution
		HideSolutionNode = FALSE
	EndGlobalSection
EndGlobal
