
Microsoft Visual Studio Solution File, Format Version 9.00
# Visual Studio 2005
Project("{FAE04EC0-301F-11D3-BF4B-00C04F79EFBC}") = "RemoteSQLServer1", "RemoteSQLServer1\RemoteSQLServer1.csproj", "{B3E9E13D-96CA-4D49-9657-9AC5FBABEE31}"
EndProject
Global
	GlobalSection(SolutionConfigurationPlatforms) = preSolution
		Debug|Any CPU = Debug|Any CPU
		Release|Any CPU = Release|Any CPU
	EndGlobalSection
	GlobalSection(ProjectConfigurationPlatforms) = postSolution
		{B3E9E13D-96CA-4D49-9657-9AC5FBABEE31}.Debug|Any CPU.ActiveCfg = Debug|Any CPU
		{B3E9E13D-96CA-4D49-9657-9AC5FBABEE31}.Debug|Any CPU.Build.0 = Debug|Any CPU
		{B3E9E13D-96CA-4D49-9657-9AC5FBABEE31}.Release|Any CPU.ActiveCfg = Release|Any CPU
		{B3E9E13D-96CA-4D49-9657-9AC5FBABEE31}.Release|Any CPU.Build.0 = Release|Any CPU
	EndGlobalSection
	GlobalSection(SolutionProperties) = preSolution
		HideSolutionNode = FALSE
	EndGlobalSection
EndGlobal
