
Microsoft Visual Studio Solution File, Format Version 9.00
# Visual Studio 2005
Project("{FAE04EC0-301F-11D3-BF4B-00C04F79EFBC}") = "USB_BarCode_Reader", "Barcode Reader USB\USB_BarCode_Reader.csproj", "{90F3D697-BCE4-46E1-BD22-78B10CE6AB8A}"
EndProject
Project("{FAE04EC0-301F-11D3-BF4B-00C04F79EFBC}") = "Client", "Client - Server\Client\Client.csproj", "{06B11556-1D5B-4259-B885-07F34ACB6D6F}"
EndProject
Project("{FAE04EC0-301F-11D3-BF4B-00C04F79EFBC}") = "Server", "Client - Server\Server\Server.csproj", "{67786925-A7A5-458B-87E1-EF4E37EF96B7}"
EndProject
Project("{FAE04EC0-301F-11D3-BF4B-00C04F79EFBC}") = "Database Adminstration", "Database Adminstration\Database Adminstration.csproj", "{8507A97B-5C56-4283-9ECF-39DDA5E1AD0C}"
EndProject
Global
	GlobalSection(SolutionConfigurationPlatforms) = preSolution
		Debug|Any CPU = Debug|Any CPU
		Release|Any CPU = Release|Any CPU
	EndGlobalSection
	GlobalSection(ProjectConfigurationPlatforms) = postSolution
		{90F3D697-BCE4-46E1-BD22-78B10CE6AB8A}.Debug|Any CPU.ActiveCfg = Debug|Any CPU
		{90F3D697-BCE4-46E1-BD22-78B10CE6AB8A}.Debug|Any CPU.Build.0 = Debug|Any CPU
		{90F3D697-BCE4-46E1-BD22-78B10CE6AB8A}.Release|Any CPU.ActiveCfg = Release|Any CPU
		{90F3D697-BCE4-46E1-BD22-78B10CE6AB8A}.Release|Any CPU.Build.0 = Release|Any CPU
		{06B11556-1D5B-4259-B885-07F34ACB6D6F}.Debug|Any CPU.ActiveCfg = Debug|Any CPU
		{06B11556-1D5B-4259-B885-07F34ACB6D6F}.Debug|Any CPU.Build.0 = Debug|Any CPU
		{06B11556-1D5B-4259-B885-07F34ACB6D6F}.Release|Any CPU.ActiveCfg = Release|Any CPU
		{06B11556-1D5B-4259-B885-07F34ACB6D6F}.Release|Any CPU.Build.0 = Release|Any CPU
		{67786925-A7A5-458B-87E1-EF4E37EF96B7}.Debug|Any CPU.ActiveCfg = Debug|Any CPU
		{67786925-A7A5-458B-87E1-EF4E37EF96B7}.Debug|Any CPU.Build.0 = Debug|Any CPU
		{67786925-A7A5-458B-87E1-EF4E37EF96B7}.Release|Any CPU.ActiveCfg = Release|Any CPU
		{67786925-A7A5-458B-87E1-EF4E37EF96B7}.Release|Any CPU.Build.0 = Release|Any CPU
		{8507A97B-5C56-4283-9ECF-39DDA5E1AD0C}.Debug|Any CPU.ActiveCfg = Debug|Any CPU
		{8507A97B-5C56-4283-9ECF-39DDA5E1AD0C}.Debug|Any CPU.Build.0 = Debug|Any CPU
		{8507A97B-5C56-4283-9ECF-39DDA5E1AD0C}.Release|Any CPU.ActiveCfg = Release|Any CPU
		{8507A97B-5C56-4283-9ECF-39DDA5E1AD0C}.Release|Any CPU.Build.0 = Release|Any CPU
	EndGlobalSection
	GlobalSection(SolutionProperties) = preSolution
		HideSolutionNode = FALSE
	EndGlobalSection
EndGlobal
