Microsoft Visual Studio Solution File, Format Version 8.00
Project("{CB4CE8C6-1BDB-4DC7-A4D3-65A1999772F8}") = "BarcodeReader", "BarcodeReader.vbdproj", "{464023FA-2947-4A1B-A34B-DC1EB5DBE9D5}"
	ProjectSection(ProjectDependencies) = postProject
	EndProjectSection
EndProject
Global
	GlobalSection(SolutionConfiguration) = preSolution
		Debug = Debug
		Release = Release
	EndGlobalSection
	GlobalSection(ProjectConfiguration) = postSolution
		{464023FA-2947-4A1B-A34B-DC1EB5DBE9D5}.Debug.ActiveCfg = Release|Windows CE
		{464023FA-2947-4A1B-A34B-DC1EB5DBE9D5}.Debug.Build.0 = Release|Windows CE
		{464023FA-2947-4A1B-A34B-DC1EB5DBE9D5}.Debug.Deploy.0 = Release|Windows CE
		{464023FA-2947-4A1B-A34B-DC1EB5DBE9D5}.Release.ActiveCfg = Release|Windows CE
		{464023FA-2947-4A1B-A34B-DC1EB5DBE9D5}.Release.Build.0 = Release|Windows CE
		{464023FA-2947-4A1B-A34B-DC1EB5DBE9D5}.Release.Deploy.0 = Release|Windows CE
	EndGlobalSection
	GlobalSection(ExtensibilityGlobals) = postSolution
	EndGlobalSection
	GlobalSection(ExtensibilityAddIns) = postSolution
	EndGlobalSection
EndGlobal
