Microsoft Visual Studio Solution File, Format Version 7.00
Project("{FAE04EC0-301F-11D3-BF4B-00C04F79EFBC}") = "Curi0uSBarcode128b", "Curi0uSBarcode128b.csproj", "{B5F93AB1-A3B4-44C2-A831-A45C75DA5A48}"
EndProject
Global
	GlobalSection(SolutionConfiguration) = preSolution
		ConfigName.0 = Debug
		ConfigName.1 = Release
	EndGlobalSection
	GlobalSection(ProjectDependencies) = postSolution
	EndGlobalSection
	GlobalSection(ProjectConfiguration) = postSolution
		{B5F93AB1-A3B4-44C2-A831-A45C75DA5A48}.Debug.ActiveCfg = Debug|.NET
		{B5F93AB1-A3B4-44C2-A831-A45C75DA5A48}.Debug.Build.0 = Debug|.NET
		{B5F93AB1-A3B4-44C2-A831-A45C75DA5A48}.Release.ActiveCfg = Release|.NET
		{B5F93AB1-A3B4-44C2-A831-A45C75DA5A48}.Release.Build.0 = Release|.NET
	EndGlobalSection
	GlobalSection(ExtensibilityGlobals) = postSolution
	EndGlobalSection
	GlobalSection(ExtensibilityAddIns) = postSolution
	EndGlobalSection
EndGlobal
