
Microsoft Visual Studio Solution File, Format Version 10.00
# Visual Studio 2008
Project("{FAE04EC0-301F-11D3-BF4B-00C04F79EFBC}") = "M_P_Api1", "M_P_Api1\M_P_Api1.csproj", "{7A2E969D-B6CF-4B9B-A630-12012AF5218A}"
EndProject
Global
	GlobalSection(SolutionConfigurationPlatforms) = preSolution
		Debug|Any CPU = Debug|Any CPU
		Release|Any CPU = Release|Any CPU
	EndGlobalSection
	GlobalSection(ProjectConfigurationPlatforms) = postSolution
		{7A2E969D-B6CF-4B9B-A630-12012AF5218A}.Debug|Any CPU.ActiveCfg = Debug|Any CPU
		{7A2E969D-B6CF-4B9B-A630-12012AF5218A}.Debug|Any CPU.Build.0 = Debug|Any CPU
		{7A2E969D-B6CF-4B9B-A630-12012AF5218A}.Release|Any CPU.ActiveCfg = Release|Any CPU
		{7A2E969D-B6CF-4B9B-A630-12012AF5218A}.Release|Any CPU.Build.0 = Release|Any CPU
	EndGlobalSection
	GlobalSection(SolutionProperties) = preSolution
		HideSolutionNode = FALSE
	EndGlobalSection
EndGlobal
