
Microsoft Visual Studio Solution File, Format Version 9.00
# Visual Studio 2005
Project("{FAE04EC0-301F-11D3-BF4B-00C04F79EFBC}") = "Image_Reciever_Trivial", "Image_Reciever_Trivial\Image_Reciever_Trivial.csproj", "{8AE7721A-AD73-49AB-B3BC-F41EB8F91DE4}"
EndProject
Global
	GlobalSection(SolutionConfigurationPlatforms) = preSolution
		Debug|Any CPU = Debug|Any CPU
		Release|Any CPU = Release|Any CPU
	EndGlobalSection
	GlobalSection(ProjectConfigurationPlatforms) = postSolution
		{8AE7721A-AD73-49AB-B3BC-F41EB8F91DE4}.Debug|Any CPU.ActiveCfg = Debug|Any CPU
		{8AE7721A-AD73-49AB-B3BC-F41EB8F91DE4}.Debug|Any CPU.Build.0 = Debug|Any CPU
		{8AE7721A-AD73-49AB-B3BC-F41EB8F91DE4}.Release|Any CPU.ActiveCfg = Release|Any CPU
		{8AE7721A-AD73-49AB-B3BC-F41EB8F91DE4}.Release|Any CPU.Build.0 = Release|Any CPU
	EndGlobalSection
	GlobalSection(SolutionProperties) = preSolution
		HideSolutionNode = FALSE
	EndGlobalSection
EndGlobal
