
Microsoft Visual Studio Solution File, Format Version 9.00
# Visual Studio 2005
Project("{FAE04EC0-301F-11D3-BF4B-00C04F79EFBC}") = "Dns_Resolver", "Dns_Resolver\Dns_Resolver.csproj", "{891FF639-555D-4409-A9A3-2C4EBF72900E}"
EndProject
Global
	GlobalSection(SolutionConfigurationPlatforms) = preSolution
		Debug|Any CPU = Debug|Any CPU
		Release|Any CPU = Release|Any CPU
	EndGlobalSection
	GlobalSection(ProjectConfigurationPlatforms) = postSolution
		{891FF639-555D-4409-A9A3-2C4EBF72900E}.Debug|Any CPU.ActiveCfg = Debug|Any CPU
		{891FF639-555D-4409-A9A3-2C4EBF72900E}.Debug|Any CPU.Build.0 = Debug|Any CPU
		{891FF639-555D-4409-A9A3-2C4EBF72900E}.Release|Any CPU.ActiveCfg = Release|Any CPU
		{891FF639-555D-4409-A9A3-2C4EBF72900E}.Release|Any CPU.Build.0 = Release|Any CPU
	EndGlobalSection
	GlobalSection(SolutionProperties) = preSolution
		HideSolutionNode = FALSE
	EndGlobalSection
EndGlobal
