
Microsoft Visual Studio Solution File, Format Version 9.00
# Visual Studio 2005
Project("{FAE04EC0-301F-11D3-BF4B-00C04F79EFBC}") = "Delegate_test1", "Delegate_test1\Delegate_test1.csproj", "{F8D6AE36-3565-4B24-B3A3-9C4D32B38D3D}"
EndProject
Global
	GlobalSection(SolutionConfigurationPlatforms) = preSolution
		Debug|Any CPU = Debug|Any CPU
		Release|Any CPU = Release|Any CPU
	EndGlobalSection
	GlobalSection(ProjectConfigurationPlatforms) = postSolution
		{F8D6AE36-3565-4B24-B3A3-9C4D32B38D3D}.Debug|Any CPU.ActiveCfg = Debug|Any CPU
		{F8D6AE36-3565-4B24-B3A3-9C4D32B38D3D}.Debug|Any CPU.Build.0 = Debug|Any CPU
		{F8D6AE36-3565-4B24-B3A3-9C4D32B38D3D}.Release|Any CPU.ActiveCfg = Release|Any CPU
		{F8D6AE36-3565-4B24-B3A3-9C4D32B38D3D}.Release|Any CPU.Build.0 = Release|Any CPU
	EndGlobalSection
	GlobalSection(SolutionProperties) = preSolution
		HideSolutionNode = FALSE
	EndGlobalSection
EndGlobal
