Microsoft Visual Studio Solution File, Format Version 9.00
# Visual Studio 2005
Project("{FAE04EC0-301F-11D3-BF4B-00C04F79EFBC}") = "omWinUtilLib", "omWinUtilLib\omWinUtilLib.csproj", "{7DE26934-46FE-4551-B46E-1DF9157B833B}"
EndProject
Project("{FAE04EC0-301F-11D3-BF4B-00C04F79EFBC}") = "TestomWinUtilLib", "TestomWinUtilLib\TestomWinUtilLib.csproj", "{0806E073-4B1C-418E-923C-DA5056EDE420}"
EndProject
Global
	GlobalSection(SolutionConfigurationPlatforms) = preSolution
		Debug|Any CPU = Debug|Any CPU
		Release|Any CPU = Release|Any CPU
	EndGlobalSection
	GlobalSection(ProjectConfigurationPlatforms) = postSolution
		{7DE26934-46FE-4551-B46E-1DF9157B833B}.Debug|Any CPU.ActiveCfg = Debug|Any CPU
		{7DE26934-46FE-4551-B46E-1DF9157B833B}.Debug|Any CPU.Build.0 = Debug|Any CPU
		{7DE26934-46FE-4551-B46E-1DF9157B833B}.Release|Any CPU.ActiveCfg = Release|Any CPU
		{7DE26934-46FE-4551-B46E-1DF9157B833B}.Release|Any CPU.Build.0 = Release|Any CPU
		{0806E073-4B1C-418E-923C-DA5056EDE420}.Debug|Any CPU.ActiveCfg = Debug|Any CPU
		{0806E073-4B1C-418E-923C-DA5056EDE420}.Debug|Any CPU.Build.0 = Debug|Any CPU
		{0806E073-4B1C-418E-923C-DA5056EDE420}.Release|Any CPU.ActiveCfg = Release|Any CPU
		{0806E073-4B1C-418E-923C-DA5056EDE420}.Release|Any CPU.Build.0 = Release|Any CPU
	EndGlobalSection
	GlobalSection(SolutionProperties) = preSolution
		HideSolutionNode = FALSE
	EndGlobalSection
EndGlobal
