
Microsoft Visual Studio Solution File, Format Version 9.00
# Visual Studio 2005
Project("{FAE04EC0-301F-11D3-BF4B-00C04F79EFBC}") = "Network_Image_Reciever_Test", "Network_Image_Reciever_Test\Network_Image_Reciever_Test.csproj", "{DB0E352D-7854-43C2-8884-BDF40C289385}"
EndProject
Global
	GlobalSection(SolutionConfigurationPlatforms) = preSolution
		Debug|Any CPU = Debug|Any CPU
		Release|Any CPU = Release|Any CPU
	EndGlobalSection
	GlobalSection(ProjectConfigurationPlatforms) = postSolution
		{DB0E352D-7854-43C2-8884-BDF40C289385}.Debug|Any CPU.ActiveCfg = Debug|Any CPU
		{DB0E352D-7854-43C2-8884-BDF40C289385}.Debug|Any CPU.Build.0 = Debug|Any CPU
		{DB0E352D-7854-43C2-8884-BDF40C289385}.Release|Any CPU.ActiveCfg = Release|Any CPU
		{DB0E352D-7854-43C2-8884-BDF40C289385}.Release|Any CPU.Build.0 = Release|Any CPU
	EndGlobalSection
	GlobalSection(SolutionProperties) = preSolution
		HideSolutionNode = FALSE
	EndGlobalSection
EndGlobal
