
Microsoft Visual Studio Solution File, Format Version 9.00
# Visual Studio 2005
Project("{E24C65DC-7377-472B-9ABA-BC803B73C61A}") = "E:\WebSites\WebDevelopment_Website\", "..\..\WebSites\WebDevelopment_Website\", "{73DB9FFE-7B64-4E28-804C-3FC63C448E93}"
	ProjectSection(WebsiteProperties) = preProject
		Debug.AspNetCompiler.VirtualPath = "/WebDevelopment_Website"
		Debug.AspNetCompiler.PhysicalPath = "..\..\WebSites\WebDevelopment_Website\"
		Debug.AspNetCompiler.TargetPath = "PrecompiledWeb\WebDevelopment_Website\"
		Debug.AspNetCompiler.Updateable = "true"
		Debug.AspNetCompiler.ForceOverwrite = "true"
		Debug.AspNetCompiler.FixedNames = "false"
		Debug.AspNetCompiler.Debug = "True"
		Release.AspNetCompiler.VirtualPath = "/WebDevelopment_Website"
		Release.AspNetCompiler.PhysicalPath = "..\..\WebSites\WebDevelopment_Website\"
		Release.AspNetCompiler.TargetPath = "PrecompiledWeb\WebDevelopment_Website\"
		Release.AspNetCompiler.Updateable = "true"
		Release.AspNetCompiler.ForceOverwrite = "true"
		Release.AspNetCompiler.FixedNames = "false"
		Release.AspNetCompiler.Debug = "False"
		VWDPort = "1405"
		DefaultWebSiteLanguage = "Visual C#"
	EndProjectSection
EndProject
Global
	GlobalSection(SolutionConfigurationPlatforms) = preSolution
		Debug|.NET = Debug|.NET
	EndGlobalSection
	GlobalSection(ProjectConfigurationPlatforms) = postSolution
		{73DB9FFE-7B64-4E28-804C-3FC63C448E93}.Debug|.NET.ActiveCfg = Debug|.NET
		{73DB9FFE-7B64-4E28-804C-3FC63C448E93}.Debug|.NET.Build.0 = Debug|.NET
	EndGlobalSection
	GlobalSection(SolutionProperties) = preSolution
		HideSolutionNode = FALSE
	EndGlobalSection
EndGlobal
