Microsoft Visual Studio Solution File, Format Version 7.00
Project("{FAE04EC0-301F-11D3-BF4B-00C04F79EFBC}") = "ProcessMemoryReaderLib", "ProcessMemoryReaderLib\ProcessMemoryReaderLib.csproj", "{594702BE-4E44-4F36-8A6F-B95E4180F96B}"
EndProject
Project("{FAE04EC0-301F-11D3-BF4B-00C04F79EFBC}") = "MineSweeperReader", "MineSweeperReader\MineSweeperReader.csproj", "{799173EF-8FDF-41AB-A027-AD147A4BE3BB}"
EndProject
Global
	GlobalSection(SolutionConfiguration) = preSolution
		ConfigName.0 = Debug
		ConfigName.1 = Release
	EndGlobalSection
	GlobalSection(ProjectDependencies) = postSolution
	EndGlobalSection
	GlobalSection(ProjectConfiguration) = postSolution
		{594702BE-4E44-4F36-8A6F-B95E4180F96B}.Debug.ActiveCfg = Debug|.NET
		{594702BE-4E44-4F36-8A6F-B95E4180F96B}.Debug.Build.0 = Debug|.NET
		{594702BE-4E44-4F36-8A6F-B95E4180F96B}.Release.ActiveCfg = Release|.NET
		{594702BE-4E44-4F36-8A6F-B95E4180F96B}.Release.Build.0 = Release|.NET
		{799173EF-8FDF-41AB-A027-AD147A4BE3BB}.Debug.ActiveCfg = Debug|.NET
		{799173EF-8FDF-41AB-A027-AD147A4BE3BB}.Debug.Build.0 = Debug|.NET
		{799173EF-8FDF-41AB-A027-AD147A4BE3BB}.Release.ActiveCfg = Release|.NET
		{799173EF-8FDF-41AB-A027-AD147A4BE3BB}.Release.Build.0 = Release|.NET
	EndGlobalSection
	GlobalSection(ExtensibilityGlobals) = postSolution
	EndGlobalSection
	GlobalSection(ExtensibilityAddIns) = postSolution
	EndGlobalSection
EndGlobal
