
Microsoft Visual Studio Solution File, Format Version 9.00
# Visual Studio 2005
Project("{FAE04EC0-301F-11D3-BF4B-00C04F79EFBC}") = "WindowsControlLibrary1", "WindowsControlLibrary1\WindowsControlLibrary1.csproj", "{08E0BF8E-E02D-458E-87C5-90CDAF87D174}"
EndProject
Global
	GlobalSection(SolutionConfigurationPlatforms) = preSolution
		Debug|Any CPU = Debug|Any CPU
		Release|Any CPU = Release|Any CPU
	EndGlobalSection
	GlobalSection(ProjectConfigurationPlatforms) = postSolution
		{08E0BF8E-E02D-458E-87C5-90CDAF87D174}.Debug|Any CPU.ActiveCfg = Debug|Any CPU
		{08E0BF8E-E02D-458E-87C5-90CDAF87D174}.Debug|Any CPU.Build.0 = Debug|Any CPU
		{08E0BF8E-E02D-458E-87C5-90CDAF87D174}.Release|Any CPU.ActiveCfg = Release|Any CPU
		{08E0BF8E-E02D-458E-87C5-90CDAF87D174}.Release|Any CPU.Build.0 = Release|Any CPU
	EndGlobalSection
	GlobalSection(SolutionProperties) = preSolution
		HideSolutionNode = FALSE
	EndGlobalSection
EndGlobal
