Microsoft Visual Studio Solution File, Format Version 8.00
Project("{E24C65DC-7377-472B-9ABA-BC803B73C61A}") = "F:\pro\", "..\pro", "{9398A214-5788-415C-82F7-C3E0B98B21C5}"
	ProjectSection(WebsiteProperties) = preProject
		Frontpage = false
	EndProjectSection
EndProject
Global
	GlobalSection(SolutionConfiguration) = preSolution
		Debug = Debug
	EndGlobalSection
	GlobalSection(ProjectConfiguration) = postSolution
		{9398A214-5788-415C-82F7-C3E0B98B21C5}.Debug.ActiveCfg = Debug
	EndGlobalSection
	GlobalSection(SolutionProperties) = preSolution
		HideSolutionNode = FALSE
	EndGlobalSection
EndGlobal
