
Microsoft Visual Studio Solution File, Format Version 9.00
# Visual Studio 2005
Project("{FAE04EC0-301F-11D3-BF4B-00C04F79EFBC}") = "Test3", "Test3\Test3.csproj", "{C3DD542C-88EA-49FB-8DDB-F30BF8BEC2DB}"
EndProject
Global
	GlobalSection(SolutionConfigurationPlatforms) = preSolution
		Debug|Any CPU = Debug|Any CPU
		Release|Any CPU = Release|Any CPU
	EndGlobalSection
	GlobalSection(ProjectConfigurationPlatforms) = postSolution
		{C3DD542C-88EA-49FB-8DDB-F30BF8BEC2DB}.Debug|Any CPU.ActiveCfg = Debug|Any CPU
		{C3DD542C-88EA-49FB-8DDB-F30BF8BEC2DB}.Debug|Any CPU.Build.0 = Debug|Any CPU
		{C3DD542C-88EA-49FB-8DDB-F30BF8BEC2DB}.Release|Any CPU.ActiveCfg = Release|Any CPU
		{C3DD542C-88EA-49FB-8DDB-F30BF8BEC2DB}.Release|Any CPU.Build.0 = Release|Any CPU
	EndGlobalSection
	GlobalSection(SolutionProperties) = preSolution
		HideSolutionNode = FALSE
	EndGlobalSection
EndGlobal
