
Microsoft Visual Studio Solution File, Format Version 9.00
# Visual Studio 2005
Project("{FAE04EC0-301F-11D3-BF4B-00C04F79EFBC}") = "Server_Shutdown_Socket_Test", "Server_Shutdown_Socket_Test\Server_Shutdown_Socket_Test.csproj", "{79608D6C-AB6E-4137-A170-616A94A9DA9F}"
EndProject
Global
	GlobalSection(SolutionConfigurationPlatforms) = preSolution
		Debug|Any CPU = Debug|Any CPU
		Release|Any CPU = Release|Any CPU
	EndGlobalSection
	GlobalSection(ProjectConfigurationPlatforms) = postSolution
		{79608D6C-AB6E-4137-A170-616A94A9DA9F}.Debug|Any CPU.ActiveCfg = Debug|Any CPU
		{79608D6C-AB6E-4137-A170-616A94A9DA9F}.Debug|Any CPU.Build.0 = Debug|Any CPU
		{79608D6C-AB6E-4137-A170-616A94A9DA9F}.Release|Any CPU.ActiveCfg = Release|Any CPU
		{79608D6C-AB6E-4137-A170-616A94A9DA9F}.Release|Any CPU.Build.0 = Release|Any CPU
	EndGlobalSection
	GlobalSection(SolutionProperties) = preSolution
		HideSolutionNode = FALSE
	EndGlobalSection
EndGlobal
