Microsoft Visual Studio Solution File, Format Version 9.00
# Visual Studio 2005
Project("{E24C65DC-7377-472B-9ABA-BC803B73C61A}") = "funstore", "http://localhost/funstore/funstore.csproj", "{82C8C425-99B8-4F81-BF12-6A1A60A6B609}"
EndProject
Global
	GlobalSection(SolutionConfigurationPlatforms) = preSolution
		Debug|Default = Debug|Default
		Release|Default = Release|Default
	EndGlobalSection
	GlobalSection(ProjectConfigurationPlatforms) = postSolution
		{82C8C425-99B8-4F81-BF12-6A1A60A6B609}.Debug|Default.ActiveCfg = Debug|.NET
		{82C8C425-99B8-4F81-BF12-6A1A60A6B609}.Debug|Default.Build.0 = Debug|.NET
		{82C8C425-99B8-4F81-BF12-6A1A60A6B609}.Release|Default.ActiveCfg = Release|.NET
		{82C8C425-99B8-4F81-BF12-6A1A60A6B609}.Release|Default.Build.0 = Release|.NET
	EndGlobalSection
	GlobalSection(SolutionProperties) = preSolution
		HideSolutionNode = FALSE
	EndGlobalSection
EndGlobal
