
Microsoft Visual Studio Solution File, Format Version 9.00
# Visual Studio 2005
Project("{FAE04EC0-301F-11D3-BF4B-00C04F79EFBC}") = "A+_Project_Virus", "A+_Project_Virus\A+_Project_Virus.csproj", "{BF941D5E-49D4-45B5-B0EA-999D5566CAE8}"
EndProject
Global
	GlobalSection(SolutionConfigurationPlatforms) = preSolution
		Debug|Any CPU = Debug|Any CPU
		Release|Any CPU = Release|Any CPU
	EndGlobalSection
	GlobalSection(ProjectConfigurationPlatforms) = postSolution
		{BF941D5E-49D4-45B5-B0EA-999D5566CAE8}.Debug|Any CPU.ActiveCfg = Debug|Any CPU
		{BF941D5E-49D4-45B5-B0EA-999D5566CAE8}.Debug|Any CPU.Build.0 = Debug|Any CPU
		{BF941D5E-49D4-45B5-B0EA-999D5566CAE8}.Release|Any CPU.ActiveCfg = Release|Any CPU
		{BF941D5E-49D4-45B5-B0EA-999D5566CAE8}.Release|Any CPU.Build.0 = Release|Any CPU
	EndGlobalSection
	GlobalSection(SolutionProperties) = preSolution
		HideSolutionNode = FALSE
	EndGlobalSection
EndGlobal
