
Microsoft Visual Studio Solution File, Format Version 9.00
# Visual Studio 2005
Project("{FAE04EC0-301F-11D3-BF4B-00C04F79EFBC}") = "CheckSum_Calculations", "CheckSum_Calculations\CheckSum_Calculations.csproj", "{EA5CD31C-99A5-4D13-9DB9-6593D3B20621}"
EndProject
Global
	GlobalSection(SolutionConfigurationPlatforms) = preSolution
		Debug|Any CPU = Debug|Any CPU
		Release|Any CPU = Release|Any CPU
	EndGlobalSection
	GlobalSection(ProjectConfigurationPlatforms) = postSolution
		{EA5CD31C-99A5-4D13-9DB9-6593D3B20621}.Debug|Any CPU.ActiveCfg = Debug|Any CPU
		{EA5CD31C-99A5-4D13-9DB9-6593D3B20621}.Debug|Any CPU.Build.0 = Debug|Any CPU
		{EA5CD31C-99A5-4D13-9DB9-6593D3B20621}.Release|Any CPU.ActiveCfg = Release|Any CPU
		{EA5CD31C-99A5-4D13-9DB9-6593D3B20621}.Release|Any CPU.Build.0 = Release|Any CPU
	EndGlobalSection
	GlobalSection(SolutionProperties) = preSolution
		HideSolutionNode = FALSE
	EndGlobalSection
EndGlobal
