
Microsoft Visual Studio Solution File, Format Version 9.00
# Visual Studio 2005
Project("{E24C65DC-7377-472B-9ABA-BC803B73C61A}") = "F:\...\davesite\", "..\..\N_FLASH\21-6-2007\Downloads2\Downloads\Compressed\David's_C_1617197192003\davesite\", "{E349FAA7-63B5-460F-8733-0CE5551E677A}"
	ProjectSection(WebsiteProperties) = preProject
		Debug.AspNetCompiler.VirtualPath = "/davesite"
		Debug.AspNetCompiler.PhysicalPath = "..\..\N_FLASH\21-6-2007\Downloads2\Downloads\Compressed\David's_C_1617197192003\davesite\"
		Debug.AspNetCompiler.TargetPath = "PrecompiledWeb\davesite\"
		Debug.AspNetCompiler.Updateable = "true"
		Debug.AspNetCompiler.ForceOverwrite = "true"
		Debug.AspNetCompiler.FixedNames = "false"
		Debug.AspNetCompiler.Debug = "True"
		Release.AspNetCompiler.VirtualPath = "/davesite"
		Release.AspNetCompiler.PhysicalPath = "..\..\N_FLASH\21-6-2007\Downloads2\Downloads\Compressed\David's_C_1617197192003\davesite\"
		Release.AspNetCompiler.TargetPath = "PrecompiledWeb\davesite\"
		Release.AspNetCompiler.Updateable = "true"
		Release.AspNetCompiler.ForceOverwrite = "true"
		Release.AspNetCompiler.FixedNames = "false"
		Release.AspNetCompiler.Debug = "False"
		VWDPort = "1127"
	EndProjectSection
EndProject
Global
	GlobalSection(SolutionConfigurationPlatforms) = preSolution
		Debug|.NET = Debug|.NET
	EndGlobalSection
	GlobalSection(ProjectConfigurationPlatforms) = postSolution
		{E349FAA7-63B5-460F-8733-0CE5551E677A}.Debug|.NET.ActiveCfg = Debug|.NET
		{E349FAA7-63B5-460F-8733-0CE5551E677A}.Debug|.NET.Build.0 = Debug|.NET
	EndGlobalSection
	GlobalSection(SolutionProperties) = preSolution
		HideSolutionNode = FALSE
	EndGlobalSection
EndGlobal
