Microsoft Visual Studio Solution File, Format Version 8.00
Project("{FAE04EC0-301F-11D3-BF4B-00C04F79EFBC}") = "SnakeGame", "SnakeGame.csproj", "{A2E892C4-F5B1-4E91-98F2-B7B8E055C057}"
	ProjectSection(ProjectDependencies) = postProject
	EndProjectSection
EndProject
Project("{FAE04EC0-301F-11D3-BF4B-00C04F79EFBC}") = "CustomCollapsableGroupBoxV2-1", "CollapsableGroupBoxV2-1\CustomCollapsableGroupBox2\CustomCollapsableGroupBoxV2-1.csproj", "{F6DE3C22-BE86-492B-AF03-BEF4A591B6F3}"
	ProjectSection(ProjectDependencies) = postProject
		{4B60D703-3709-4321-8E52-5FDE94046395} = {4B60D703-3709-4321-8E52-5FDE94046395}
	EndProjectSection
EndProject
Project("{FAE04EC0-301F-11D3-BF4B-00C04F79EFBC}") = "CustomLabelControl", "CollapsableGroupBoxV2-1\CustomLabelControl\CustomLabelControl.csproj", "{4B60D703-3709-4321-8E52-5FDE94046395}"
	ProjectSection(ProjectDependencies) = postProject
	EndProjectSection
EndProject
Global
	GlobalSection(SolutionConfiguration) = preSolution
		Debug = Debug
		Release = Release
	EndGlobalSection
	GlobalSection(ProjectConfiguration) = postSolution
		{A2E892C4-F5B1-4E91-98F2-B7B8E055C057}.Debug.ActiveCfg = Debug|.NET
		{A2E892C4-F5B1-4E91-98F2-B7B8E055C057}.Debug.Build.0 = Debug|.NET
		{A2E892C4-F5B1-4E91-98F2-B7B8E055C057}.Release.ActiveCfg = Release|.NET
		{A2E892C4-F5B1-4E91-98F2-B7B8E055C057}.Release.Build.0 = Release|.NET
		{F6DE3C22-BE86-492B-AF03-BEF4A591B6F3}.Debug.ActiveCfg = Debug|.NET
		{F6DE3C22-BE86-492B-AF03-BEF4A591B6F3}.Debug.Build.0 = Debug|.NET
		{F6DE3C22-BE86-492B-AF03-BEF4A591B6F3}.Release.ActiveCfg = Release|.NET
		{F6DE3C22-BE86-492B-AF03-BEF4A591B6F3}.Release.Build.0 = Release|.NET
		{4B60D703-3709-4321-8E52-5FDE94046395}.Debug.ActiveCfg = Debug|.NET
		{4B60D703-3709-4321-8E52-5FDE94046395}.Debug.Build.0 = Debug|.NET
		{4B60D703-3709-4321-8E52-5FDE94046395}.Release.ActiveCfg = Release|.NET
		{4B60D703-3709-4321-8E52-5FDE94046395}.Release.Build.0 = Release|.NET
	EndGlobalSection
	GlobalSection(ExtensibilityGlobals) = postSolution
	EndGlobalSection
	GlobalSection(ExtensibilityAddIns) = postSolution
	EndGlobalSection
EndGlobal
