
Microsoft Visual Studio Solution File, Format Version 9.00
# Visual Studio 2005
Project("{8BC9CEB8-8B4A-11D0-8D11-00A0C91BC942}") = "wpcap_Wrapper_1", "wpcap_Wrapper_1\wpcap_Wrapper_1.vcproj", "{3C0EE4F4-DC90-4A89-95A5-68889FEF66FE}"
EndProject
Global
	GlobalSection(SolutionConfigurationPlatforms) = preSolution
		Debug|Win32 = Debug|Win32
		Release|Win32 = Release|Win32
	EndGlobalSection
	GlobalSection(ProjectConfigurationPlatforms) = postSolution
		{3C0EE4F4-DC90-4A89-95A5-68889FEF66FE}.Debug|Win32.ActiveCfg = Debug|Win32
		{3C0EE4F4-DC90-4A89-95A5-68889FEF66FE}.Debug|Win32.Build.0 = Debug|Win32
		{3C0EE4F4-DC90-4A89-95A5-68889FEF66FE}.Release|Win32.ActiveCfg = Release|Win32
		{3C0EE4F4-DC90-4A89-95A5-68889FEF66FE}.Release|Win32.Build.0 = Release|Win32
	EndGlobalSection
	GlobalSection(SolutionProperties) = preSolution
		HideSolutionNode = FALSE
	EndGlobalSection
EndGlobal
