
Microsoft Visual Studio Solution File, Format Version 9.00
# Visual Studio 2005
Project("{FAE04EC0-301F-11D3-BF4B-00C04F79EFBC}") = "ReduceFormFlicker_Test1", "ReduceFormFlicker_Test1\ReduceFormFlicker_Test1.csproj", "{33074E9C-24DE-4496-BD3E-B10D39F60715}"
EndProject
Global
	GlobalSection(SolutionConfigurationPlatforms) = preSolution
		Debug|Any CPU = Debug|Any CPU
		Release|Any CPU = Release|Any CPU
	EndGlobalSection
	GlobalSection(ProjectConfigurationPlatforms) = postSolution
		{33074E9C-24DE-4496-BD3E-B10D39F60715}.Debug|Any CPU.ActiveCfg = Debug|Any CPU
		{33074E9C-24DE-4496-BD3E-B10D39F60715}.Debug|Any CPU.Build.0 = Debug|Any CPU
		{33074E9C-24DE-4496-BD3E-B10D39F60715}.Release|Any CPU.ActiveCfg = Release|Any CPU
		{33074E9C-24DE-4496-BD3E-B10D39F60715}.Release|Any CPU.Build.0 = Release|Any CPU
	EndGlobalSection
	GlobalSection(SolutionProperties) = preSolution
		HideSolutionNode = FALSE
	EndGlobalSection
EndGlobal
