Microsoft Visual Studio Solution File, Format Version 7.00
Project("{FAE04EC0-301F-11D3-BF4B-00C04F79EFBC}") = "DataEasy", "DataEasy.csproj", "{82E588DF-C305-4C99-9A39-AF79F3A039B2}"
EndProject
Global
	GlobalSection(SolutionConfiguration) = preSolution
		ConfigName.0 = Debug
		ConfigName.1 = Release
	EndGlobalSection
	GlobalSection(ProjectDependencies) = postSolution
	EndGlobalSection
	GlobalSection(ProjectConfiguration) = postSolution
		{82E588DF-C305-4C99-9A39-AF79F3A039B2}.Debug.ActiveCfg = Debug|.NET
		{82E588DF-C305-4C99-9A39-AF79F3A039B2}.Debug.Build.0 = Debug|.NET
		{82E588DF-C305-4C99-9A39-AF79F3A039B2}.Release.ActiveCfg = Release|.NET
		{82E588DF-C305-4C99-9A39-AF79F3A039B2}.Release.Build.0 = Release|.NET
	EndGlobalSection
	GlobalSection(ExtensibilityGlobals) = postSolution
	EndGlobalSection
	GlobalSection(ExtensibilityAddIns) = postSolution
	EndGlobalSection
EndGlobal
