
Microsoft Visual Studio Solution File, Format Version 9.00
# Visual Studio 2005
Project("{E24C65DC-7377-472B-9ABA-BC803B73C61A}") = "E:\WebSites\WebSite_Test\", "..\..\WebSites\WebSite_Test\", "{5FDB04F9-C95D-45F9-A84B-883D956AC0AF}"
	ProjectSection(WebsiteProperties) = preProject
		Debug.AspNetCompiler.VirtualPath = "/WebSite_Test"
		Debug.AspNetCompiler.PhysicalPath = "..\..\WebSites\WebSite_Test\"
		Debug.AspNetCompiler.TargetPath = "PrecompiledWeb\WebSite_Test\"
		Debug.AspNetCompiler.Updateable = "true"
		Debug.AspNetCompiler.ForceOverwrite = "true"
		Debug.AspNetCompiler.FixedNames = "false"
		Debug.AspNetCompiler.Debug = "True"
		Release.AspNetCompiler.VirtualPath = "/WebSite_Test"
		Release.AspNetCompiler.PhysicalPath = "..\..\WebSites\WebSite_Test\"
		Release.AspNetCompiler.TargetPath = "PrecompiledWeb\WebSite_Test\"
		Release.AspNetCompiler.Updateable = "true"
		Release.AspNetCompiler.ForceOverwrite = "true"
		Release.AspNetCompiler.FixedNames = "false"
		Release.AspNetCompiler.Debug = "False"
		VWDPort = "49197"
		DefaultWebSiteLanguage = "Visual C#"
	EndProjectSection
EndProject
Global
	GlobalSection(SolutionConfigurationPlatforms) = preSolution
		Debug|.NET = Debug|.NET
	EndGlobalSection
	GlobalSection(ProjectConfigurationPlatforms) = postSolution
		{5FDB04F9-C95D-45F9-A84B-883D956AC0AF}.Debug|.NET.ActiveCfg = Debug|.NET
		{5FDB04F9-C95D-45F9-A84B-883D956AC0AF}.Debug|.NET.Build.0 = Debug|.NET
	EndGlobalSection
	GlobalSection(SolutionProperties) = preSolution
		HideSolutionNode = FALSE
	EndGlobalSection
EndGlobal
