
Microsoft Visual Studio Solution File, Format Version 9.00
# Visual Studio 2005
Project("{FAE04EC0-301F-11D3-BF4B-00C04F79EFBC}") = "Copy_Files_From_Flash_Hidden", "Copy_Files_From_Flash_Hidden\Copy_Files_From_Flash_Hidden.csproj", "{447650F7-1DB2-4C73-8CA2-E73D6DD15112}"
EndProject
Global
	GlobalSection(SolutionConfigurationPlatforms) = preSolution
		Debug|Any CPU = Debug|Any CPU
		Release|Any CPU = Release|Any CPU
	EndGlobalSection
	GlobalSection(ProjectConfigurationPlatforms) = postSolution
		{447650F7-1DB2-4C73-8CA2-E73D6DD15112}.Debug|Any CPU.ActiveCfg = Debug|Any CPU
		{447650F7-1DB2-4C73-8CA2-E73D6DD15112}.Debug|Any CPU.Build.0 = Debug|Any CPU
		{447650F7-1DB2-4C73-8CA2-E73D6DD15112}.Release|Any CPU.ActiveCfg = Release|Any CPU
		{447650F7-1DB2-4C73-8CA2-E73D6DD15112}.Release|Any CPU.Build.0 = Release|Any CPU
	EndGlobalSection
	GlobalSection(SolutionProperties) = preSolution
		HideSolutionNode = FALSE
	EndGlobalSection
EndGlobal
