
Microsoft Visual Studio Solution File, Format Version 9.00
# Visual Studio 2005
Project("{E24C65DC-7377-472B-9ABA-BC803B73C61A}") = "E:\WebSites\CamWebService\", "..\..\WebSites\CamWebService\", "{C38F5EC7-0A61-4E79-BDFD-27009582FF7F}"
	ProjectSection(WebsiteProperties) = preProject
		Debug.AspNetCompiler.VirtualPath = "/CamWebService"
		Debug.AspNetCompiler.PhysicalPath = "..\..\WebSites\CamWebService\"
		Debug.AspNetCompiler.TargetPath = "PrecompiledWeb\CamWebService\"
		Debug.AspNetCompiler.Updateable = "true"
		Debug.AspNetCompiler.ForceOverwrite = "true"
		Debug.AspNetCompiler.FixedNames = "false"
		Debug.AspNetCompiler.Debug = "True"
		Release.AspNetCompiler.VirtualPath = "/CamWebService"
		Release.AspNetCompiler.PhysicalPath = "..\..\WebSites\CamWebService\"
		Release.AspNetCompiler.TargetPath = "PrecompiledWeb\CamWebService\"
		Release.AspNetCompiler.Updateable = "true"
		Release.AspNetCompiler.ForceOverwrite = "true"
		Release.AspNetCompiler.FixedNames = "false"
		Release.AspNetCompiler.Debug = "False"
		VWDPort = "1063"
		DefaultWebSiteLanguage = "Visual C#"
	EndProjectSection
EndProject
Global
	GlobalSection(SolutionConfigurationPlatforms) = preSolution
		Debug|.NET = Debug|.NET
	EndGlobalSection
	GlobalSection(ProjectConfigurationPlatforms) = postSolution
		{C38F5EC7-0A61-4E79-BDFD-27009582FF7F}.Debug|.NET.ActiveCfg = Debug|.NET
		{C38F5EC7-0A61-4E79-BDFD-27009582FF7F}.Debug|.NET.Build.0 = Debug|.NET
	EndGlobalSection
	GlobalSection(SolutionProperties) = preSolution
		HideSolutionNode = FALSE
	EndGlobalSection
EndGlobal
