
Microsoft Visual Studio Solution File, Format Version 9.00
# Visual Studio 2005
Project("{FAE04EC0-301F-11D3-BF4B-00C04F79EFBC}") = "Remoating_lib", "Remoating_lib\Remoating_lib.csproj", "{12C5EEA1-C2F2-4224-9013-DB3AA56BDFC9}"
EndProject
Project("{FAE04EC0-301F-11D3-BF4B-00C04F79EFBC}") = "Remoating_Server", "Remoating_Server\Remoating_Server.csproj", "{C23F0162-9DC1-4F35-B9D4-DD4F9B8085F8}"
EndProject
Project("{FAE04EC0-301F-11D3-BF4B-00C04F79EFBC}") = "Remoating_Client", "Remoating_Client\Remoating_Client.csproj", "{F174BBFC-CEAC-4E73-8456-E4AF62C5E01A}"
EndProject
Global
	GlobalSection(SolutionConfigurationPlatforms) = preSolution
		Debug|Any CPU = Debug|Any CPU
		Release|Any CPU = Release|Any CPU
	EndGlobalSection
	GlobalSection(ProjectConfigurationPlatforms) = postSolution
		{12C5EEA1-C2F2-4224-9013-DB3AA56BDFC9}.Debug|Any CPU.ActiveCfg = Debug|Any CPU
		{12C5EEA1-C2F2-4224-9013-DB3AA56BDFC9}.Debug|Any CPU.Build.0 = Debug|Any CPU
		{12C5EEA1-C2F2-4224-9013-DB3AA56BDFC9}.Release|Any CPU.ActiveCfg = Release|Any CPU
		{12C5EEA1-C2F2-4224-9013-DB3AA56BDFC9}.Release|Any CPU.Build.0 = Release|Any CPU
		{C23F0162-9DC1-4F35-B9D4-DD4F9B8085F8}.Debug|Any CPU.ActiveCfg = Debug|Any CPU
		{C23F0162-9DC1-4F35-B9D4-DD4F9B8085F8}.Debug|Any CPU.Build.0 = Debug|Any CPU
		{C23F0162-9DC1-4F35-B9D4-DD4F9B8085F8}.Release|Any CPU.ActiveCfg = Release|Any CPU
		{C23F0162-9DC1-4F35-B9D4-DD4F9B8085F8}.Release|Any CPU.Build.0 = Release|Any CPU
		{F174BBFC-CEAC-4E73-8456-E4AF62C5E01A}.Debug|Any CPU.ActiveCfg = Debug|Any CPU
		{F174BBFC-CEAC-4E73-8456-E4AF62C5E01A}.Debug|Any CPU.Build.0 = Debug|Any CPU
		{F174BBFC-CEAC-4E73-8456-E4AF62C5E01A}.Release|Any CPU.ActiveCfg = Release|Any CPU
		{F174BBFC-CEAC-4E73-8456-E4AF62C5E01A}.Release|Any CPU.Build.0 = Release|Any CPU
	EndGlobalSection
	GlobalSection(SolutionProperties) = preSolution
		HideSolutionNode = FALSE
	EndGlobalSection
EndGlobal
