
Microsoft Visual Studio Solution File, Format Version 9.00
# Visual Studio 2005
Project("{E24C65DC-7377-472B-9ABA-BC803B73C61A}") = "C:\...\SendAndReceiveDataWebPages\", "C:\Documents and Settings\fcis_2007\My Documents\MSDN\101 C# Samples\Framework - How-To Send and Receive Data\SendAndReceiveDataWebPages\", "{FE545E9F-338C-4E43-B844-255670454BA7}"
	ProjectSection(WebsiteProperties) = preProject
		Debug.AspNetCompiler.VirtualPath = "/SendAndReceiveDataWebPages"
		Debug.AspNetCompiler.PhysicalPath = "C:\Documents and Settings\fcis_2007\My Documents\MSDN\101 C# Samples\Framework - How-To Send and Receive Data\SendAndReceiveDataWebPages\"
		Debug.AspNetCompiler.TargetPath = "PrecompiledWeb\SendAndReceiveDataWebPages\"
		Debug.AspNetCompiler.Updateable = "true"
		Debug.AspNetCompiler.ForceOverwrite = "true"
		Debug.AspNetCompiler.FixedNames = "false"
		Debug.AspNetCompiler.Debug = "True"
		Release.AspNetCompiler.VirtualPath = "/SendAndReceiveDataWebPages"
		Release.AspNetCompiler.PhysicalPath = "C:\Documents and Settings\fcis_2007\My Documents\MSDN\101 C# Samples\Framework - How-To Send and Receive Data\SendAndReceiveDataWebPages\"
		Release.AspNetCompiler.TargetPath = "PrecompiledWeb\SendAndReceiveDataWebPages\"
		Release.AspNetCompiler.Updateable = "true"
		Release.AspNetCompiler.ForceOverwrite = "true"
		Release.AspNetCompiler.FixedNames = "false"
		Release.AspNetCompiler.Debug = "False"
		VWDPort = "1073"
	EndProjectSection
EndProject
Global
	GlobalSection(SolutionConfigurationPlatforms) = preSolution
		Debug|.NET = Debug|.NET
	EndGlobalSection
	GlobalSection(ProjectConfigurationPlatforms) = postSolution
		{FE545E9F-338C-4E43-B844-255670454BA7}.Debug|.NET.ActiveCfg = Debug|.NET
		{FE545E9F-338C-4E43-B844-255670454BA7}.Debug|.NET.Build.0 = Debug|.NET
	EndGlobalSection
	GlobalSection(SolutionProperties) = preSolution
		HideSolutionNode = FALSE
	EndGlobalSection
EndGlobal
