Microsoft Visual Studio Solution File, Format Version 8.00
Project("{F184B08F-C81C-45F6-A57F-5ABD9991F28F}") = "Memory", "Memory.vbproj", "{F31DBB6D-DBCE-447B-9894-59828BD519B3}"
	ProjectSection(ProjectDependencies) = postProject
	EndProjectSection
EndProject
Global
	GlobalSection(SolutionConfiguration) = preSolution
		Debug = Debug
		Release = Release
	EndGlobalSection
	GlobalSection(ProjectConfiguration) = postSolution
		{F31DBB6D-DBCE-447B-9894-59828BD519B3}.Debug.ActiveCfg = Debug|.NET
		{F31DBB6D-DBCE-447B-9894-59828BD519B3}.Debug.Build.0 = Debug|.NET
		{F31DBB6D-DBCE-447B-9894-59828BD519B3}.Release.ActiveCfg = Release|.NET
		{F31DBB6D-DBCE-447B-9894-59828BD519B3}.Release.Build.0 = Release|.NET
	EndGlobalSection
	GlobalSection(ExtensibilityGlobals) = postSolution
	EndGlobalSection
	GlobalSection(ExtensibilityAddIns) = postSolution
	EndGlobalSection
EndGlobal
