Microsoft Visual Studio Solution File, Format Version 8.00
Project("{F184B08F-C81C-45F6-A57F-5ABD9991F28F}") = "FileSecurer", "FileSecurer.vbproj", "{409C8428-512F-4FD6-9AD7-3698BF90E096}"
	ProjectSection(ProjectDependencies) = postProject
	EndProjectSection
EndProject
Global
	GlobalSection(SolutionConfiguration) = preSolution
		Debug = Debug
		Release = Release
	EndGlobalSection
	GlobalSection(ProjectConfiguration) = postSolution
		{409C8428-512F-4FD6-9AD7-3698BF90E096}.Debug.ActiveCfg = Release|.NET
		{409C8428-512F-4FD6-9AD7-3698BF90E096}.Debug.Build.0 = Release|.NET
		{409C8428-512F-4FD6-9AD7-3698BF90E096}.Release.ActiveCfg = Release|.NET
		{409C8428-512F-4FD6-9AD7-3698BF90E096}.Release.Build.0 = Release|.NET
	EndGlobalSection
	GlobalSection(ExtensibilityGlobals) = postSolution
	EndGlobalSection
	GlobalSection(ExtensibilityAddIns) = postSolution
	EndGlobalSection
EndGlobal
