
Microsoft Visual Studio Solution File, Format Version 9.00
# Visual Studio 2005
Project("{FAE04EC0-301F-11D3-BF4B-00C04F79EFBC}") = "All_in_dll", "All_in_dll\All_in_dll.csproj", "{9727AA30-19CD-4FB2-BCE6-D89793DEA8C9}"
EndProject
Project("{F184B08F-C81C-45F6-A57F-5ABD9991F28F}") = "ClassLibrary2", "ClassLibrary2\ClassLibrary2.vbproj", "{590E50F8-9CB3-41EE-B33E-4939C2B47CE2}"
EndProject
Global
	GlobalSection(SolutionConfigurationPlatforms) = preSolution
		Debug|Any CPU = Debug|Any CPU
		Release|Any CPU = Release|Any CPU
	EndGlobalSection
	GlobalSection(ProjectConfigurationPlatforms) = postSolution
		{9727AA30-19CD-4FB2-BCE6-D89793DEA8C9}.Debug|Any CPU.ActiveCfg = Debug|Any CPU
		{9727AA30-19CD-4FB2-BCE6-D89793DEA8C9}.Debug|Any CPU.Build.0 = Debug|Any CPU
		{9727AA30-19CD-4FB2-BCE6-D89793DEA8C9}.Release|Any CPU.ActiveCfg = Release|Any CPU
		{9727AA30-19CD-4FB2-BCE6-D89793DEA8C9}.Release|Any CPU.Build.0 = Release|Any CPU
		{590E50F8-9CB3-41EE-B33E-4939C2B47CE2}.Debug|Any CPU.ActiveCfg = Debug|Any CPU
		{590E50F8-9CB3-41EE-B33E-4939C2B47CE2}.Debug|Any CPU.Build.0 = Debug|Any CPU
		{590E50F8-9CB3-41EE-B33E-4939C2B47CE2}.Release|Any CPU.ActiveCfg = Release|Any CPU
		{590E50F8-9CB3-41EE-B33E-4939C2B47CE2}.Release|Any CPU.Build.0 = Release|Any CPU
	EndGlobalSection
	GlobalSection(SolutionProperties) = preSolution
		HideSolutionNode = FALSE
	EndGlobalSection
EndGlobal
