
Microsoft Visual Studio Solution File, Format Version 9.00
# Visual Studio 2005
Project("{FAE04EC0-301F-11D3-BF4B-00C04F79EFBC}") = "Serial_control Module", "Serial_control Module\Serial_control Module.csproj", "{AAB731A1-718B-497F-99A4-074BE27C5C43}"
EndProject
Global
	GlobalSection(SolutionConfigurationPlatforms) = preSolution
		Debug|Any CPU = Debug|Any CPU
		Release|Any CPU = Release|Any CPU
	EndGlobalSection
	GlobalSection(ProjectConfigurationPlatforms) = postSolution
		{AAB731A1-718B-497F-99A4-074BE27C5C43}.Debug|Any CPU.ActiveCfg = Debug|Any CPU
		{AAB731A1-718B-497F-99A4-074BE27C5C43}.Debug|Any CPU.Build.0 = Debug|Any CPU
		{AAB731A1-718B-497F-99A4-074BE27C5C43}.Release|Any CPU.ActiveCfg = Release|Any CPU
		{AAB731A1-718B-497F-99A4-074BE27C5C43}.Release|Any CPU.Build.0 = Release|Any CPU
	EndGlobalSection
	GlobalSection(SolutionProperties) = preSolution
		HideSolutionNode = FALSE
	EndGlobalSection
EndGlobal
