Microsoft Visual Studio Solution File, Format Version 8.00
Project("{FAE04EC0-301F-11D3-BF4B-00C04F79EFBC}") = "CustomCollapsableGroupBoxV2-1", "CustomCollapsableGroupBoxV2-1.csproj", "{F6DE3C22-BE86-492B-AF03-BEF4A591B6F3}"
	ProjectSection(ProjectDependencies) = postProject
	EndProjectSection
EndProject
Project("{FAE04EC0-301F-11D3-BF4B-00C04F79EFBC}") = "CollapsableGroupboxV2-1Test", "..\CollapsableGroupbox2Test\CollapsableGroupboxV2-1Test.csproj", "{A8438BE7-FD2C-4B0B-A1FE-CC358BAE3181}"
	ProjectSection(ProjectDependencies) = postProject
	EndProjectSection
EndProject
Project("{FAE04EC0-301F-11D3-BF4B-00C04F79EFBC}") = "CustomLabelControl", "..\..\CollapsableGroupBoxV1\CustomLabelControl\CustomLabelControl.csproj", "{4B60D703-3709-4321-8E52-5FDE94046395}"
	ProjectSection(ProjectDependencies) = postProject
	EndProjectSection
EndProject
Global
	GlobalSection(SolutionConfiguration) = preSolution
		Debug = Debug
		Release = Release
	EndGlobalSection
	GlobalSection(ProjectConfiguration) = postSolution
		{F6DE3C22-BE86-492B-AF03-BEF4A591B6F3}.Debug.ActiveCfg = Release|.NET
		{F6DE3C22-BE86-492B-AF03-BEF4A591B6F3}.Debug.Build.0 = Release|.NET
		{F6DE3C22-BE86-492B-AF03-BEF4A591B6F3}.Release.ActiveCfg = Release|.NET
		{F6DE3C22-BE86-492B-AF03-BEF4A591B6F3}.Release.Build.0 = Release|.NET
		{A8438BE7-FD2C-4B0B-A1FE-CC358BAE3181}.Debug.ActiveCfg = Release|.NET
		{A8438BE7-FD2C-4B0B-A1FE-CC358BAE3181}.Debug.Build.0 = Release|.NET
		{A8438BE7-FD2C-4B0B-A1FE-CC358BAE3181}.Release.ActiveCfg = Release|.NET
		{A8438BE7-FD2C-4B0B-A1FE-CC358BAE3181}.Release.Build.0 = Release|.NET
		{4B60D703-3709-4321-8E52-5FDE94046395}.Debug.ActiveCfg = Release|.NET
		{4B60D703-3709-4321-8E52-5FDE94046395}.Debug.Build.0 = Release|.NET
		{4B60D703-3709-4321-8E52-5FDE94046395}.Release.ActiveCfg = Release|.NET
		{4B60D703-3709-4321-8E52-5FDE94046395}.Release.Build.0 = Release|.NET
	EndGlobalSection
	GlobalSection(ExtensibilityGlobals) = postSolution
	EndGlobalSection
	GlobalSection(ExtensibilityAddIns) = postSolution
	EndGlobalSection
EndGlobal
