
Microsoft Visual Studio Solution File, Format Version 9.00
# Visual Studio 2005
Project("{FAE04EC0-301F-11D3-BF4B-00C04F79EFBC}") = "Print Card Module", "Print Card Module\Print Card Module.csproj", "{7495B77D-F171-4A8F-98E5-B1719563FB23}"
EndProject
Global
	GlobalSection(SolutionConfigurationPlatforms) = preSolution
		Debug|Any CPU = Debug|Any CPU
		Release|Any CPU = Release|Any CPU
	EndGlobalSection
	GlobalSection(ProjectConfigurationPlatforms) = postSolution
		{7495B77D-F171-4A8F-98E5-B1719563FB23}.Debug|Any CPU.ActiveCfg = Debug|Any CPU
		{7495B77D-F171-4A8F-98E5-B1719563FB23}.Debug|Any CPU.Build.0 = Debug|Any CPU
		{7495B77D-F171-4A8F-98E5-B1719563FB23}.Release|Any CPU.ActiveCfg = Release|Any CPU
		{7495B77D-F171-4A8F-98E5-B1719563FB23}.Release|Any CPU.Build.0 = Release|Any CPU
	EndGlobalSection
	GlobalSection(SolutionProperties) = preSolution
		HideSolutionNode = FALSE
	EndGlobalSection
EndGlobal
