
Microsoft Visual Studio Solution File, Format Version 9.00
# Visual Studio 2005
Project("{E24C65DC-7377-472B-9ABA-BC803B73C61A}") = "F:\IIS_DIR1\", "..\..\IIS_DIR1\", "{1CE0136A-4C15-4CE7-B3BB-D3C565559ECD}"
	ProjectSection(WebsiteProperties) = preProject
		Debug.AspNetCompiler.VirtualPath = "/IIS_DIR1"
		Debug.AspNetCompiler.PhysicalPath = "..\..\IIS_DIR1\"
		Debug.AspNetCompiler.TargetPath = "PrecompiledWeb\IIS_DIR1\"
		Debug.AspNetCompiler.Updateable = "true"
		Debug.AspNetCompiler.ForceOverwrite = "true"
		Debug.AspNetCompiler.FixedNames = "false"
		Debug.AspNetCompiler.Debug = "True"
		Release.AspNetCompiler.VirtualPath = "/IIS_DIR1"
		Release.AspNetCompiler.PhysicalPath = "..\..\IIS_DIR1\"
		Release.AspNetCompiler.TargetPath = "PrecompiledWeb\IIS_DIR1\"
		Release.AspNetCompiler.Updateable = "true"
		Release.AspNetCompiler.ForceOverwrite = "true"
		Release.AspNetCompiler.FixedNames = "false"
		Release.AspNetCompiler.Debug = "False"
		VWDPort = "1940"
		DefaultWebSiteLanguage = "Visual C#"
	EndProjectSection
EndProject
Global
	GlobalSection(SolutionConfigurationPlatforms) = preSolution
		Debug|.NET = Debug|.NET
	EndGlobalSection
	GlobalSection(ProjectConfigurationPlatforms) = postSolution
		{1CE0136A-4C15-4CE7-B3BB-D3C565559ECD}.Debug|.NET.ActiveCfg = Debug|.NET
		{1CE0136A-4C15-4CE7-B3BB-D3C565559ECD}.Debug|.NET.Build.0 = Debug|.NET
	EndGlobalSection
	GlobalSection(SolutionProperties) = preSolution
		HideSolutionNode = FALSE
	EndGlobalSection
EndGlobal
