
Microsoft Visual Studio Solution File, Format Version 9.00
# Visual Studio 2005
Project("{FAE04EC0-301F-11D3-BF4B-00C04F79EFBC}") = "Downloader", "Downloader\Downloader.csproj", "{6EFD5501-AA75-4F97-85DC-330D3F64051D}"
EndProject
Project("{FAE04EC0-301F-11D3-BF4B-00C04F79EFBC}") = "Download_File_UI", "Download_File_UI\Download_File_UI.csproj", "{39896087-E11C-4465-9315-84E55E1FCB59}"
EndProject
Global
	GlobalSection(SolutionConfigurationPlatforms) = preSolution
		Debug|Any CPU = Debug|Any CPU
		Release|Any CPU = Release|Any CPU
	EndGlobalSection
	GlobalSection(ProjectConfigurationPlatforms) = postSolution
		{6EFD5501-AA75-4F97-85DC-330D3F64051D}.Debug|Any CPU.ActiveCfg = Debug|Any CPU
		{6EFD5501-AA75-4F97-85DC-330D3F64051D}.Debug|Any CPU.Build.0 = Debug|Any CPU
		{6EFD5501-AA75-4F97-85DC-330D3F64051D}.Release|Any CPU.ActiveCfg = Release|Any CPU
		{6EFD5501-AA75-4F97-85DC-330D3F64051D}.Release|Any CPU.Build.0 = Release|Any CPU
		{39896087-E11C-4465-9315-84E55E1FCB59}.Debug|Any CPU.ActiveCfg = Debug|Any CPU
		{39896087-E11C-4465-9315-84E55E1FCB59}.Debug|Any CPU.Build.0 = Debug|Any CPU
		{39896087-E11C-4465-9315-84E55E1FCB59}.Release|Any CPU.ActiveCfg = Release|Any CPU
		{39896087-E11C-4465-9315-84E55E1FCB59}.Release|Any CPU.Build.0 = Release|Any CPU
	EndGlobalSection
	GlobalSection(SolutionProperties) = preSolution
		HideSolutionNode = FALSE
	EndGlobalSection
EndGlobal
