Microsoft Visual Studio Solution File, Format Version 7.00
Project("{FAE04EC0-301F-11D3-BF4B-00C04F79EFBC}") = "CreditCardValidator", "CreditCardValidator.csproj", "{4D5900FA-69F3-4155-94B5-78C2D9D5D339}"
EndProject
Global
	GlobalSection(SourceCodeControl) = preSolution
		SccNumberOfProjects = 2
		SccLocalPath0 = .
		CanCheckoutShared = false
		SolutionUniqueID = {A173DD93-7C73-44FB-A6D7-445FF4A231D7}
		SccProjectUniqueName1 = CreditCardValidator.csproj
		SccLocalPath1 = .
		CanCheckoutShared = false
	EndGlobalSection
	GlobalSection(SolutionConfiguration) = preSolution
		ConfigName.0 = Debug
		ConfigName.1 = Release
	EndGlobalSection
	GlobalSection(ProjectDependencies) = postSolution
	EndGlobalSection
	GlobalSection(ProjectConfiguration) = postSolution
		{4D5900FA-69F3-4155-94B5-78C2D9D5D339}.Debug.ActiveCfg = Debug|.NET
		{4D5900FA-69F3-4155-94B5-78C2D9D5D339}.Debug.Build.0 = Debug|.NET
		{4D5900FA-69F3-4155-94B5-78C2D9D5D339}.Release.ActiveCfg = Release|.NET
		{4D5900FA-69F3-4155-94B5-78C2D9D5D339}.Release.Build.0 = Release|.NET
	EndGlobalSection
	GlobalSection(ExtensibilityGlobals) = postSolution
	EndGlobalSection
	GlobalSection(ExtensibilityAddIns) = postSolution
	EndGlobalSection
EndGlobal
