
Microsoft Visual Studio Solution File, Format Version 9.00
# Visual Studio 2005
Project("{FAE04EC0-301F-11D3-BF4B-00C04F79EFBC}") = "Merge2Files1", "Merge2Files1\Merge2Files1.csproj", "{CD1ADABA-47ED-409F-9A57-ACC4018FF8C4}"
EndProject
Global
	GlobalSection(SolutionConfigurationPlatforms) = preSolution
		Debug|Any CPU = Debug|Any CPU
		Release|Any CPU = Release|Any CPU
	EndGlobalSection
	GlobalSection(ProjectConfigurationPlatforms) = postSolution
		{CD1ADABA-47ED-409F-9A57-ACC4018FF8C4}.Debug|Any CPU.ActiveCfg = Debug|Any CPU
		{CD1ADABA-47ED-409F-9A57-ACC4018FF8C4}.Debug|Any CPU.Build.0 = Debug|Any CPU
		{CD1ADABA-47ED-409F-9A57-ACC4018FF8C4}.Release|Any CPU.ActiveCfg = Release|Any CPU
		{CD1ADABA-47ED-409F-9A57-ACC4018FF8C4}.Release|Any CPU.Build.0 = Release|Any CPU
	EndGlobalSection
	GlobalSection(SolutionProperties) = preSolution
		HideSolutionNode = FALSE
	EndGlobalSection
EndGlobal
