
Microsoft Visual Studio Solution File, Format Version 9.00
# Visual Studio 2005
Project("{E24C65DC-7377-472B-9ABA-BC803B73C61A}") = "C:\MailServer\", "C:\MailServer\", "{8F99898A-1E77-454F-B2AA-32BA62EC614D}"
	ProjectSection(WebsiteProperties) = preProject
		Debug.AspNetCompiler.VirtualPath = "/MailServer"
		Debug.AspNetCompiler.PhysicalPath = "C:\MailServer\"
		Debug.AspNetCompiler.TargetPath = "PrecompiledWeb\MailServer\"
		Debug.AspNetCompiler.Updateable = "true"
		Debug.AspNetCompiler.ForceOverwrite = "true"
		Debug.AspNetCompiler.FixedNames = "false"
		Debug.AspNetCompiler.Debug = "True"
		Release.AspNetCompiler.VirtualPath = "/MailServer"
		Release.AspNetCompiler.PhysicalPath = "C:\MailServer\"
		Release.AspNetCompiler.TargetPath = "PrecompiledWeb\MailServer\"
		Release.AspNetCompiler.Updateable = "true"
		Release.AspNetCompiler.ForceOverwrite = "true"
		Release.AspNetCompiler.FixedNames = "false"
		Release.AspNetCompiler.Debug = "False"
		VWDPort = "1033"
	EndProjectSection
EndProject
Global
	GlobalSection(SolutionConfigurationPlatforms) = preSolution
		Debug|.NET = Debug|.NET
	EndGlobalSection
	GlobalSection(ProjectConfigurationPlatforms) = postSolution
		{8F99898A-1E77-454F-B2AA-32BA62EC614D}.Debug|.NET.ActiveCfg = Debug|.NET
		{8F99898A-1E77-454F-B2AA-32BA62EC614D}.Debug|.NET.Build.0 = Debug|.NET
	EndGlobalSection
	GlobalSection(SolutionProperties) = preSolution
		HideSolutionNode = FALSE
	EndGlobalSection
EndGlobal
