Microsoft Visual Studio Solution File, Format Version 9.00
# Visual Studio 2005
Project("{E24C65DC-7377-472B-9ABA-BC803B73C61A}") = "Asynchronous_Loading", "http://localhost/Asynchronous_Loading/Asynchronous_Loading.vbproj", "{49A6DAF1-52EB-470A-A32D-F666AD450FEA}"
EndProject
Global
	GlobalSection(SolutionConfigurationPlatforms) = preSolution
		Debug|Default = Debug|Default
		Release|Default = Release|Default
	EndGlobalSection
	GlobalSection(ProjectConfigurationPlatforms) = postSolution
		{49A6DAF1-52EB-470A-A32D-F666AD450FEA}.Debug|Default.ActiveCfg = Debug|.NET
		{49A6DAF1-52EB-470A-A32D-F666AD450FEA}.Debug|Default.Build.0 = Debug|.NET
		{49A6DAF1-52EB-470A-A32D-F666AD450FEA}.Release|Default.ActiveCfg = Release|.NET
		{49A6DAF1-52EB-470A-A32D-F666AD450FEA}.Release|Default.Build.0 = Release|.NET
	EndGlobalSection
	GlobalSection(SolutionProperties) = preSolution
		HideSolutionNode = FALSE
	EndGlobalSection
EndGlobal
