
Microsoft Visual Studio Solution File, Format Version 9.00
# Visual Studio 2005
Project("{FAE04EC0-301F-11D3-BF4B-00C04F79EFBC}") = "test_GUI1", "test_GUI1\test_GUI1.csproj", "{F344DCE6-773D-4CD7-81CC-35E22487EA0F}"
EndProject
Global
	GlobalSection(SolutionConfigurationPlatforms) = preSolution
		Debug|Any CPU = Debug|Any CPU
		Release|Any CPU = Release|Any CPU
	EndGlobalSection
	GlobalSection(ProjectConfigurationPlatforms) = postSolution
		{F344DCE6-773D-4CD7-81CC-35E22487EA0F}.Debug|Any CPU.ActiveCfg = Debug|Any CPU
		{F344DCE6-773D-4CD7-81CC-35E22487EA0F}.Debug|Any CPU.Build.0 = Debug|Any CPU
		{F344DCE6-773D-4CD7-81CC-35E22487EA0F}.Release|Any CPU.ActiveCfg = Release|Any CPU
		{F344DCE6-773D-4CD7-81CC-35E22487EA0F}.Release|Any CPU.Build.0 = Release|Any CPU
	EndGlobalSection
	GlobalSection(SolutionProperties) = preSolution
		HideSolutionNode = FALSE
	EndGlobalSection
EndGlobal
