Microsoft Visual Studio Solution File, Format Version 8.00
Project("{F184B08F-C81C-45F6-A57F-5ABD9991F28F}") = "OEMeditor", "OEMeditor.vbproj", "{519A30F3-5291-4EF4-8174-94285637F42C}"
	ProjectSection(ProjectDependencies) = postProject
	EndProjectSection
EndProject
Global
	GlobalSection(SolutionConfiguration) = preSolution
		Debug = Debug
		Release = Release
	EndGlobalSection
	GlobalSection(ProjectConfiguration) = postSolution
		{519A30F3-5291-4EF4-8174-94285637F42C}.Debug.ActiveCfg = Debug|.NET
		{519A30F3-5291-4EF4-8174-94285637F42C}.Debug.Build.0 = Debug|.NET
		{519A30F3-5291-4EF4-8174-94285637F42C}.Release.ActiveCfg = Release|.NET
		{519A30F3-5291-4EF4-8174-94285637F42C}.Release.Build.0 = Release|.NET
	EndGlobalSection
	GlobalSection(ExtensibilityGlobals) = postSolution
	EndGlobalSection
	GlobalSection(ExtensibilityAddIns) = postSolution
	EndGlobalSection
EndGlobal
